PODS:
  - Bit/Core (0.3.0)
  - Bit/Navigation (0.3.0):
    - Bit/Core
  - Bit/Net (0.3.0):
    - Bit/Core
  - butterfly (0.1.0)
  - Database (0.1.0)
  - Dessert (0.1.0)
  - Pager (0.1.0)
  - RenderImage (0.1.0)
  - SPUAlert (0.1.0)

DEPENDENCIES:
  - Bit/Navigation (from `../Bit`)
  - Bit/Net (from `../Bit`)
  - butterfly (from `../butterfly`)
  - Database (from `../Database`)
  - Dessert (from `../Dessert`)
  - Pager (from `../Pager`)
  - RenderImage (from `../RenderImage`)
  - SPUAlert (from `../SPUAlert`)

EXTERNAL SOURCES:
  Bit:
    :path: "../Bit"
  butterfly:
    :path: "../butterfly"
  Database:
    :path: "../Database"
  Dessert:
    :path: "../Dessert"
  Pager:
    :path: "../Pager"
  RenderImage:
    :path: "../RenderImage"
  SPUAlert:
    :path: "../SPUAlert"

SPEC CHECKSUMS:
  Bit: 58eb275d9fc7aaba0adff286ad9f9181d5a97353
  butterfly: 28bedc4a3af3039df3a171170e8a909884b9e4ef
  Database: 2596aef903bec6100f811b773524169b8820cb45
  Dessert: f3d63ac6cd9daeb6c339daab2f23017993562b33
  Pager: bd3eaa7179e6bd7f19e424f05505bbf36855348a
  RenderImage: af07ba13a3de446c2a49f94ffc4b3a0ea7cb4e84
  SPUAlert: 4adb27e15a60a2794044424bac7d54565ac2fca8

PODFILE CHECKSUM: 7cdc07879563140821a6e26bc325005e601b777e

COCOAPODS: 1.11.3
