PODS:
  - Bit (0.2.25)
  - butterfly (0.1.0)
  - Database (0.1.0)
  - RenderImage (0.1.0)
  - SPUAlert (0.1.0)

DEPENDENCIES:
  - Bit (from `../Bit`)
  - butterfly (from `../butterfly`)
  - Database (from `../Database`)
  - RenderImage (from `../RenderImage`)
  - SPUAlert (from `../SPUAlert`)

EXTERNAL SOURCES:
  Bit:
    :path: "../Bit"
  butterfly:
    :path: "../butterfly"
  Database:
    :path: "../Database"
  RenderImage:
    :path: "../RenderImage"
  SPUAlert:
    :path: "../SPUAlert"

SPEC CHECKSUMS:
  Bit: 3e21be05615a52ff655aae6ac74234d4a7f91ce0
  butterfly: a86a0229662dc58f40eeb3fa3c184713679481a1
  Database: b0f13cf309db592be7e5c9ba4819dced8e19d6fd
  RenderImage: 87b66596c6175aa480deb798dadb4ebbdc4d3d0a
  SPUAlert: 4adb27e15a60a2794044424bac7d54565ac2fca8

PODFILE CHECKSUM: d52c9608a24aeeeebc1a771444c100b010886d58

COCOAPODS: 1.11.3
