// !$*UTF8*$!
{
	archiveVersion = 1;
	classes = {
	};
	objectVersion = 50;
	objects = {

/* Begin PBXBuildFile section */
		A907BDC92810F3BC001BDE45 /* DataBaseBackUp.swift in Sources */ = {isa = PBXBuildFile; fileRef = A907BDC82810F3BC001BDE45 /* DataBaseBackUp.swift */; };
		A909AD03280D0117000A49DD /* DatabaseTest.swift in Sources */ = {isa = PBXBuildFile; fileRef = A909AD02280D0117000A49DD /* DatabaseTest.swift */; };
		A91BF41D2702EBBD002F5246 /* testJson.swift in Sources */ = {isa = PBXBuildFile; fileRef = A91BF41C2702EBBD002F5246 /* testJson.swift */; };
		A91CF2E526E28682007FB3B3 /* Condition.swift in Sources */ = {isa = PBXBuildFile; fileRef = A91CF2E426E28682007FB3B3 /* Condition.swift */; };
		A9233BDB26F32FE5007CBAA6 /* OtherTests.swift in Sources */ = {isa = PBXBuildFile; fileRef = A96E090526C518CF0034568D /* OtherTests.swift */; };
		A925326526AFB7520080E72D /* DB.swift in Sources */ = {isa = PBXBuildFile; fileRef = A925325E26AFB7520080E72D /* DB.swift */; };
		A925326926AFB7520080E72D /* Map.swift in Sources */ = {isa = PBXBuildFile; fileRef = A925326226AFB7520080E72D /* Map.swift */; };
		A925326A26AFB7520080E72D /* Backup.swift in Sources */ = {isa = PBXBuildFile; fileRef = A925326326AFB7520080E72D /* Backup.swift */; };
		A93271F326AFB4A5009107CA /* Alpha.framework in Frameworks */ = {isa = PBXBuildFile; fileRef = A93271E926AFB4A4009107CA /* Alpha.framework */; };
		A93792062815426400EBA6C8 /* DataBaseJSON.swift in Sources */ = {isa = PBXBuildFile; fileRef = A93792052815426400EBA6C8 /* DataBaseJSON.swift */; };
		A9516324280E80E200B95719 /* Ammo.framework in Frameworks */ = {isa = PBXBuildFile; fileRef = A951631B280E806500B95719 /* Ammo.framework */; };
		A9516328280E81C100B95719 /* DataBaseModel.swift in Sources */ = {isa = PBXBuildFile; fileRef = A9516314280E676F00B95719 /* DataBaseModel.swift */; };
		A9516329280E81C400B95719 /* DataBase.swift in Sources */ = {isa = PBXBuildFile; fileRef = A9C47BBD280525DF00DFC556 /* DataBase.swift */; };
		A9580AF426B1381F00530397 /* Function.swift in Sources */ = {isa = PBXBuildFile; fileRef = A9580AF326B1381F00530397 /* Function.swift */; };
		A9660CA226E5B76800CB98B6 /* Objc.swift in Sources */ = {isa = PBXBuildFile; fileRef = A9660CA126E5B76800CB98B6 /* Objc.swift */; };
		A9660CAA26E5BCBD00CB98B6 /* AlphaOcTests.m in Sources */ = {isa = PBXBuildFile; fileRef = A9660CA926E5BCBD00CB98B6 /* AlphaOcTests.m */; };
		A9660CAC26E5BCBD00CB98B6 /* Alpha.framework in Frameworks */ = {isa = PBXBuildFile; fileRef = A93271E926AFB4A4009107CA /* Alpha.framework */; };
		A98647B127D880B80060489D /* WebLog.swift in Sources */ = {isa = PBXBuildFile; fileRef = A98647B027D880B80060489D /* WebLog.swift */; };
		A98E4A9326FB2E2D00D7EC4F /* swfsetting.swift in Sources */ = {isa = PBXBuildFile; fileRef = A98E4A9226FB2E2D00D7EC4F /* swfsetting.swift */; };
		A9A11D7826DE2990000D3F6C /* Model.swift in Sources */ = {isa = PBXBuildFile; fileRef = A9A11D7726DE2990000D3F6C /* Model.swift */; };
		A9A11D7A26DE2D26000D3F6C /* modelTest.swift in Sources */ = {isa = PBXBuildFile; fileRef = A9A11D7926DE2D26000D3F6C /* modelTest.swift */; };
		A9AF8851281240CE0056FE5F /* DataBaseFetch.swift in Sources */ = {isa = PBXBuildFile; fileRef = A9AF8850281240CE0056FE5F /* DataBaseFetch.swift */; };
		A9CF83E0270949E100FE3E21 /* ObjectTest.swift in Sources */ = {isa = PBXBuildFile; fileRef = A974BFCD26CB6D44000F7FC2 /* ObjectTest.swift */; };
		A9D1C98826B1CEDD00F4421B /* Pool.swift in Sources */ = {isa = PBXBuildFile; fileRef = A9D1C98726B1CEDD00F4421B /* Pool.swift */; };
		A9DDE63926EB587B00B4DBF8 /* Context.swift in Sources */ = {isa = PBXBuildFile; fileRef = A9DDE63826EB587B00B4DBF8 /* Context.swift */; };
		A9ED4B032713254800735220 /* fts5.swift in Sources */ = {isa = PBXBuildFile; fileRef = A9ED4B022713254800735220 /* fts5.swift */; };
		A9F6AEBC26E9AA4200177E3C /* Object.swift in Sources */ = {isa = PBXBuildFile; fileRef = A9F6AEBB26E9AA4200177E3C /* Object.swift */; };
/* End PBXBuildFile section */

/* Begin PBXContainerItemProxy section */
		A93271F426AFB4A5009107CA /* PBXContainerItemProxy */ = {
			isa = PBXContainerItemProxy;
			containerPortal = A93271E026AFB4A4009107CA /* Project object */;
			proxyType = 1;
			remoteGlobalIDString = A93271E826AFB4A4009107CA;
			remoteInfo = Alpha;
		};
		A9516325280E810B00B95719 /* PBXContainerItemProxy */ = {
			isa = PBXContainerItemProxy;
			containerPortal = A93271E026AFB4A4009107CA /* Project object */;
			proxyType = 1;
			remoteGlobalIDString = A951631A280E806400B95719;
			remoteInfo = Ammo;
		};
		A9660CAD26E5BCBD00CB98B6 /* PBXContainerItemProxy */ = {
			isa = PBXContainerItemProxy;
			containerPortal = A93271E026AFB4A4009107CA /* Project object */;
			proxyType = 1;
			remoteGlobalIDString = A93271E826AFB4A4009107CA;
			remoteInfo = Alpha;
		};
/* End PBXContainerItemProxy section */

/* Begin PBXFileReference section */
		A907BDC82810F3BC001BDE45 /* DataBaseBackUp.swift */ = {isa = PBXFileReference; lastKnownFileType = sourcecode.swift; path = DataBaseBackUp.swift; sourceTree = "<group>"; };
		A909AD02280D0117000A49DD /* DatabaseTest.swift */ = {isa = PBXFileReference; lastKnownFileType = sourcecode.swift; path = DatabaseTest.swift; sourceTree = "<group>"; };
		A91BF41C2702EBBD002F5246 /* testJson.swift */ = {isa = PBXFileReference; lastKnownFileType = sourcecode.swift; path = testJson.swift; sourceTree = "<group>"; };
		A91CF2E426E28682007FB3B3 /* Condition.swift */ = {isa = PBXFileReference; lastKnownFileType = sourcecode.swift; path = Condition.swift; sourceTree = "<group>"; };
		A925325E26AFB7520080E72D /* DB.swift */ = {isa = PBXFileReference; fileEncoding = 4; lastKnownFileType = sourcecode.swift; path = DB.swift; sourceTree = "<group>"; };
		A925326226AFB7520080E72D /* Map.swift */ = {isa = PBXFileReference; fileEncoding = 4; lastKnownFileType = sourcecode.swift; path = Map.swift; sourceTree = "<group>"; };
		A925326326AFB7520080E72D /* Backup.swift */ = {isa = PBXFileReference; fileEncoding = 4; lastKnownFileType = sourcecode.swift; path = Backup.swift; sourceTree = "<group>"; };
		A93271E926AFB4A4009107CA /* Alpha.framework */ = {isa = PBXFileReference; explicitFileType = wrapper.framework; includeInIndex = 0; path = Alpha.framework; sourceTree = BUILT_PRODUCTS_DIR; };
		A93271ED26AFB4A5009107CA /* Info.plist */ = {isa = PBXFileReference; lastKnownFileType = text.plist.xml; path = Info.plist; sourceTree = "<group>"; };
		A93271F226AFB4A5009107CA /* AlphaTests.xctest */ = {isa = PBXFileReference; explicitFileType = wrapper.cfbundle; includeInIndex = 0; path = AlphaTests.xctest; sourceTree = BUILT_PRODUCTS_DIR; };
		A93271F926AFB4A5009107CA /* Info.plist */ = {isa = PBXFileReference; lastKnownFileType = text.plist.xml; path = Info.plist; sourceTree = "<group>"; };
		A93792052815426400EBA6C8 /* DataBaseJSON.swift */ = {isa = PBXFileReference; lastKnownFileType = sourcecode.swift; path = DataBaseJSON.swift; sourceTree = "<group>"; };
		A9516314280E676F00B95719 /* DataBaseModel.swift */ = {isa = PBXFileReference; lastKnownFileType = sourcecode.swift; path = DataBaseModel.swift; sourceTree = "<group>"; };
		A951631B280E806500B95719 /* Ammo.framework */ = {isa = PBXFileReference; explicitFileType = wrapper.framework; includeInIndex = 0; path = Ammo.framework; sourceTree = BUILT_PRODUCTS_DIR; };
		A9580AF126B120EA00530397 /* macos.xcconfig */ = {isa = PBXFileReference; fileEncoding = 4; lastKnownFileType = text.xcconfig; path = macos.xcconfig; sourceTree = "<group>"; };
		A9580AF326B1381F00530397 /* Function.swift */ = {isa = PBXFileReference; lastKnownFileType = sourcecode.swift; path = Function.swift; sourceTree = "<group>"; };
		A9660CA126E5B76800CB98B6 /* Objc.swift */ = {isa = PBXFileReference; lastKnownFileType = sourcecode.swift; path = Objc.swift; sourceTree = "<group>"; };
		A9660CA726E5BCBD00CB98B6 /* AlphaOcTests.xctest */ = {isa = PBXFileReference; explicitFileType = wrapper.cfbundle; includeInIndex = 0; path = AlphaOcTests.xctest; sourceTree = BUILT_PRODUCTS_DIR; };
		A9660CA926E5BCBD00CB98B6 /* AlphaOcTests.m */ = {isa = PBXFileReference; lastKnownFileType = sourcecode.c.objc; path = AlphaOcTests.m; sourceTree = "<group>"; };
		A9660CAB26E5BCBD00CB98B6 /* Info.plist */ = {isa = PBXFileReference; lastKnownFileType = text.plist.xml; path = Info.plist; sourceTree = "<group>"; };
		A96A862126CCBC090057A16B /* mob.xcconfig */ = {isa = PBXFileReference; lastKnownFileType = text.xcconfig; path = mob.xcconfig; sourceTree = "<group>"; };
		A96E090526C518CF0034568D /* OtherTests.swift */ = {isa = PBXFileReference; lastKnownFileType = sourcecode.swift; path = OtherTests.swift; sourceTree = "<group>"; };
		A974BFCD26CB6D44000F7FC2 /* ObjectTest.swift */ = {isa = PBXFileReference; lastKnownFileType = sourcecode.swift; path = ObjectTest.swift; sourceTree = "<group>"; };
		A98647B027D880B80060489D /* WebLog.swift */ = {isa = PBXFileReference; lastKnownFileType = sourcecode.swift; path = WebLog.swift; sourceTree = "<group>"; };
		A98CF1E72769B905005922B6 /* README.md */ = {isa = PBXFileReference; lastKnownFileType = net.daringfireball.markdown; path = README.md; sourceTree = "<group>"; };
		A98E4A9226FB2E2D00D7EC4F /* swfsetting.swift */ = {isa = PBXFileReference; lastKnownFileType = sourcecode.swift; path = swfsetting.swift; sourceTree = "<group>"; };
		A9A11D7726DE2990000D3F6C /* Model.swift */ = {isa = PBXFileReference; lastKnownFileType = sourcecode.swift; path = Model.swift; sourceTree = "<group>"; };
		A9A11D7926DE2D26000D3F6C /* modelTest.swift */ = {isa = PBXFileReference; lastKnownFileType = sourcecode.swift; path = modelTest.swift; sourceTree = "<group>"; };
		A9AF8850281240CE0056FE5F /* DataBaseFetch.swift */ = {isa = PBXFileReference; lastKnownFileType = sourcecode.swift; path = DataBaseFetch.swift; sourceTree = "<group>"; };
		A9C47BBD280525DF00DFC556 /* DataBase.swift */ = {isa = PBXFileReference; lastKnownFileType = sourcecode.swift; path = DataBase.swift; sourceTree = "<group>"; };
		A9D1C98726B1CEDD00F4421B /* Pool.swift */ = {isa = PBXFileReference; lastKnownFileType = sourcecode.swift; path = Pool.swift; sourceTree = "<group>"; };
		A9DDE63826EB587B00B4DBF8 /* Context.swift */ = {isa = PBXFileReference; lastKnownFileType = sourcecode.swift; path = Context.swift; sourceTree = "<group>"; };
		A9ED4B022713254800735220 /* fts5.swift */ = {isa = PBXFileReference; lastKnownFileType = sourcecode.swift; path = fts5.swift; sourceTree = "<group>"; };
		A9F6AEBB26E9AA4200177E3C /* Object.swift */ = {isa = PBXFileReference; lastKnownFileType = sourcecode.swift; path = Object.swift; sourceTree = "<group>"; };
/* End PBXFileReference section */

/* Begin PBXFrameworksBuildPhase section */
		A93271E626AFB4A4009107CA /* Frameworks */ = {
			isa = PBXFrameworksBuildPhase;
			buildActionMask = 2147483647;
			files = (
			);
			runOnlyForDeploymentPostprocessing = 0;
		};
		A93271EF26AFB4A5009107CA /* Frameworks */ = {
			isa = PBXFrameworksBuildPhase;
			buildActionMask = 2147483647;
			files = (
				A9516324280E80E200B95719 /* Ammo.framework in Frameworks */,
				A93271F326AFB4A5009107CA /* Alpha.framework in Frameworks */,
			);
			runOnlyForDeploymentPostprocessing = 0;
		};
		A9516318280E806400B95719 /* Frameworks */ = {
			isa = PBXFrameworksBuildPhase;
			buildActionMask = 2147483647;
			files = (
			);
			runOnlyForDeploymentPostprocessing = 0;
		};
		A9660CA426E5BCBD00CB98B6 /* Frameworks */ = {
			isa = PBXFrameworksBuildPhase;
			buildActionMask = 2147483647;
			files = (
				A9660CAC26E5BCBD00CB98B6 /* Alpha.framework in Frameworks */,
			);
			runOnlyForDeploymentPostprocessing = 0;
		};
/* End PBXFrameworksBuildPhase section */

/* Begin PBXGroup section */
		A93271DF26AFB4A4009107CA = {
			isa = PBXGroup;
			children = (
				A9580AF126B120EA00530397 /* macos.xcconfig */,
				A96A862126CCBC090057A16B /* mob.xcconfig */,
				A93271EB26AFB4A5009107CA /* Alpha */,
				A93271F626AFB4A5009107CA /* AlphaTests */,
				A9660CA826E5BCBD00CB98B6 /* AlphaOcTests */,
				A951631C280E806500B95719 /* Ammo */,
				A93271EA26AFB4A4009107CA /* Products */,
				A9516323280E80E200B95719 /* Frameworks */,
			);
			sourceTree = "<group>";
		};
		A93271EA26AFB4A4009107CA /* Products */ = {
			isa = PBXGroup;
			children = (
				A93271E926AFB4A4009107CA /* Alpha.framework */,
				A93271F226AFB4A5009107CA /* AlphaTests.xctest */,
				A9660CA726E5BCBD00CB98B6 /* AlphaOcTests.xctest */,
				A951631B280E806500B95719 /* Ammo.framework */,
			);
			name = Products;
			sourceTree = "<group>";
		};
		A93271EB26AFB4A5009107CA /* Alpha */ = {
			isa = PBXGroup;
			children = (
				A98647AF27D880960060489D /* Request */,
				A9F6AEBA26E9AA2600177E3C /* Object */,
				A9660CA026E5B73800CB98B6 /* Bridge */,
				A9A11D7626DE2970000D3F6C /* Model */,
				A925326326AFB7520080E72D /* Backup.swift */,
				A925325E26AFB7520080E72D /* DB.swift */,
				A925326226AFB7520080E72D /* Map.swift */,
				A93271ED26AFB4A5009107CA /* Info.plist */,
				A9580AF326B1381F00530397 /* Function.swift */,
				A9D1C98726B1CEDD00F4421B /* Pool.swift */,
				A91CF2E426E28682007FB3B3 /* Condition.swift */,
				A98CF1E72769B905005922B6 /* README.md */,
			);
			path = Alpha;
			sourceTree = "<group>";
		};
		A93271F626AFB4A5009107CA /* AlphaTests */ = {
			isa = PBXGroup;
			children = (
				A96E090526C518CF0034568D /* OtherTests.swift */,
				A974BFCD26CB6D44000F7FC2 /* ObjectTest.swift */,
				A93271F926AFB4A5009107CA /* Info.plist */,
				A9A11D7926DE2D26000D3F6C /* modelTest.swift */,
				A98E4A9226FB2E2D00D7EC4F /* swfsetting.swift */,
				A91BF41C2702EBBD002F5246 /* testJson.swift */,
				A9ED4B022713254800735220 /* fts5.swift */,
				A909AD02280D0117000A49DD /* DatabaseTest.swift */,
			);
			path = AlphaTests;
			sourceTree = "<group>";
		};
		A951631C280E806500B95719 /* Ammo */ = {
			isa = PBXGroup;
			children = (
				A9C47BBC280525B200DFC556 /* DataBase */,
			);
			path = Ammo;
			sourceTree = "<group>";
		};
		A9516323280E80E200B95719 /* Frameworks */ = {
			isa = PBXGroup;
			children = (
			);
			name = Frameworks;
			sourceTree = "<group>";
		};
		A9660CA026E5B73800CB98B6 /* Bridge */ = {
			isa = PBXGroup;
			children = (
				A9660CA126E5B76800CB98B6 /* Objc.swift */,
			);
			path = Bridge;
			sourceTree = "<group>";
		};
		A9660CA826E5BCBD00CB98B6 /* AlphaOcTests */ = {
			isa = PBXGroup;
			children = (
				A9660CA926E5BCBD00CB98B6 /* AlphaOcTests.m */,
				A9660CAB26E5BCBD00CB98B6 /* Info.plist */,
			);
			path = AlphaOcTests;
			sourceTree = "<group>";
		};
		A98647AF27D880960060489D /* Request */ = {
			isa = PBXGroup;
			children = (
				A98647B027D880B80060489D /* WebLog.swift */,
			);
			path = Request;
			sourceTree = "<group>";
		};
		A9A11D7626DE2970000D3F6C /* Model */ = {
			isa = PBXGroup;
			children = (
				A9A11D7726DE2990000D3F6C /* Model.swift */,
			);
			path = Model;
			sourceTree = "<group>";
		};
		A9C47BBC280525B200DFC556 /* DataBase */ = {
			isa = PBXGroup;
			children = (
				A9C47BBD280525DF00DFC556 /* DataBase.swift */,
				A9516314280E676F00B95719 /* DataBaseModel.swift */,
				A907BDC82810F3BC001BDE45 /* DataBaseBackUp.swift */,
				A9AF8850281240CE0056FE5F /* DataBaseFetch.swift */,
				A93792052815426400EBA6C8 /* DataBaseJSON.swift */,
			);
			path = DataBase;
			sourceTree = "<group>";
		};
		A9F6AEBA26E9AA2600177E3C /* Object */ = {
			isa = PBXGroup;
			children = (
				A9F6AEBB26E9AA4200177E3C /* Object.swift */,
				A9DDE63826EB587B00B4DBF8 /* Context.swift */,
			);
			path = Object;
			sourceTree = "<group>";
		};
/* End PBXGroup section */

/* Begin PBXHeadersBuildPhase section */
		A93271E426AFB4A4009107CA /* Headers */ = {
			isa = PBXHeadersBuildPhase;
			buildActionMask = 2147483647;
			files = (
			);
			runOnlyForDeploymentPostprocessing = 0;
		};
		A9516316280E806400B95719 /* Headers */ = {
			isa = PBXHeadersBuildPhase;
			buildActionMask = 2147483647;
			files = (
			);
			runOnlyForDeploymentPostprocessing = 0;
		};
/* End PBXHeadersBuildPhase section */

/* Begin PBXNativeTarget section */
		A93271E826AFB4A4009107CA /* Alpha */ = {
			isa = PBXNativeTarget;
			buildConfigurationList = A93271FD26AFB4A5009107CA /* Build configuration list for PBXNativeTarget "Alpha" */;
			buildPhases = (
				A93271E426AFB4A4009107CA /* Headers */,
				A93271E526AFB4A4009107CA /* Sources */,
				A93271E626AFB4A4009107CA /* Frameworks */,
				A93271E726AFB4A4009107CA /* Resources */,
			);
			buildRules = (
			);
			dependencies = (
			);
			name = Alpha;
			productName = Alpha;
			productReference = A93271E926AFB4A4009107CA /* Alpha.framework */;
			productType = "com.apple.product-type.framework";
		};
		A93271F126AFB4A5009107CA /* AlphaTests */ = {
			isa = PBXNativeTarget;
			buildConfigurationList = A932720026AFB4A5009107CA /* Build configuration list for PBXNativeTarget "AlphaTests" */;
			buildPhases = (
				A93271EE26AFB4A5009107CA /* Sources */,
				A93271EF26AFB4A5009107CA /* Frameworks */,
				A93271F026AFB4A5009107CA /* Resources */,
			);
			buildRules = (
			);
			dependencies = (
				A9516326280E810B00B95719 /* PBXTargetDependency */,
				A93271F526AFB4A5009107CA /* PBXTargetDependency */,
			);
			name = AlphaTests;
			productName = AlphaTests;
			productReference = A93271F226AFB4A5009107CA /* AlphaTests.xctest */;
			productType = "com.apple.product-type.bundle.unit-test";
		};
		A951631A280E806400B95719 /* Ammo */ = {
			isa = PBXNativeTarget;
			buildConfigurationList = A951631F280E806500B95719 /* Build configuration list for PBXNativeTarget "Ammo" */;
			buildPhases = (
				A9516316280E806400B95719 /* Headers */,
				A9516317280E806400B95719 /* Sources */,
				A9516318280E806400B95719 /* Frameworks */,
				A9516319280E806400B95719 /* Resources */,
			);
			buildRules = (
			);
			dependencies = (
			);
			name = Ammo;
			productName = Ammo;
			productReference = A951631B280E806500B95719 /* Ammo.framework */;
			productType = "com.apple.product-type.framework";
		};
		A9660CA626E5BCBD00CB98B6 /* AlphaOcTests */ = {
			isa = PBXNativeTarget;
			buildConfigurationList = A9660CAF26E5BCBD00CB98B6 /* Build configuration list for PBXNativeTarget "AlphaOcTests" */;
			buildPhases = (
				A9660CA326E5BCBD00CB98B6 /* Sources */,
				A9660CA426E5BCBD00CB98B6 /* Frameworks */,
				A9660CA526E5BCBD00CB98B6 /* Resources */,
			);
			buildRules = (
			);
			dependencies = (
				A9660CAE26E5BCBD00CB98B6 /* PBXTargetDependency */,
			);
			name = AlphaOcTests;
			productName = AlphaOcTests;
			productReference = A9660CA726E5BCBD00CB98B6 /* AlphaOcTests.xctest */;
			productType = "com.apple.product-type.bundle.unit-test";
		};
/* End PBXNativeTarget section */

/* Begin PBXProject section */
		A93271E026AFB4A4009107CA /* Project object */ = {
			isa = PBXProject;
			attributes = {
				LastSwiftUpdateCheck = 1250;
				LastUpgradeCheck = 1320;
				TargetAttributes = {
					A93271E826AFB4A4009107CA = {
						CreatedOnToolsVersion = 12.5.1;
						LastSwiftMigration = 1250;
					};
					A93271F126AFB4A5009107CA = {
						CreatedOnToolsVersion = 12.5.1;
					};
					A951631A280E806400B95719 = {
						CreatedOnToolsVersion = 13.3.1;
					};
					A9660CA626E5BCBD00CB98B6 = {
						CreatedOnToolsVersion = 12.5.1;
					};
				};
			};
			buildConfigurationList = A93271E326AFB4A4009107CA /* Build configuration list for PBXProject "Alpha" */;
			compatibilityVersion = "Xcode 9.3";
			developmentRegion = en;
			hasScannedForEncodings = 0;
			knownRegions = (
				en,
				Base,
			);
			mainGroup = A93271DF26AFB4A4009107CA;
			productRefGroup = A93271EA26AFB4A4009107CA /* Products */;
			projectDirPath = "";
			projectRoot = "";
			targets = (
				A93271E826AFB4A4009107CA /* Alpha */,
				A93271F126AFB4A5009107CA /* AlphaTests */,
				A9660CA626E5BCBD00CB98B6 /* AlphaOcTests */,
				A951631A280E806400B95719 /* Ammo */,
			);
		};
/* End PBXProject section */

/* Begin PBXResourcesBuildPhase section */
		A93271E726AFB4A4009107CA /* Resources */ = {
			isa = PBXResourcesBuildPhase;
			buildActionMask = 2147483647;
			files = (
			);
			runOnlyForDeploymentPostprocessing = 0;
		};
		A93271F026AFB4A5009107CA /* Resources */ = {
			isa = PBXResourcesBuildPhase;
			buildActionMask = 2147483647;
			files = (
			);
			runOnlyForDeploymentPostprocessing = 0;
		};
		A9516319280E806400B95719 /* Resources */ = {
			isa = PBXResourcesBuildPhase;
			buildActionMask = 2147483647;
			files = (
			);
			runOnlyForDeploymentPostprocessing = 0;
		};
		A9660CA526E5BCBD00CB98B6 /* Resources */ = {
			isa = PBXResourcesBuildPhase;
			buildActionMask = 2147483647;
			files = (
			);
			runOnlyForDeploymentPostprocessing = 0;
		};
/* End PBXResourcesBuildPhase section */

/* Begin PBXSourcesBuildPhase section */
		A93271E526AFB4A4009107CA /* Sources */ = {
			isa = PBXSourcesBuildPhase;
			buildActionMask = 2147483647;
			files = (
				A925326A26AFB7520080E72D /* Backup.swift in Sources */,
				A98647B127D880B80060489D /* WebLog.swift in Sources */,
				A9580AF426B1381F00530397 /* Function.swift in Sources */,
				A9660CA226E5B76800CB98B6 /* Objc.swift in Sources */,
				A9DDE63926EB587B00B4DBF8 /* Context.swift in Sources */,
				A925326526AFB7520080E72D /* DB.swift in Sources */,
				A9A11D7826DE2990000D3F6C /* Model.swift in Sources */,
				A925326926AFB7520080E72D /* Map.swift in Sources */,
				A9D1C98826B1CEDD00F4421B /* Pool.swift in Sources */,
				A9F6AEBC26E9AA4200177E3C /* Object.swift in Sources */,
				A91CF2E526E28682007FB3B3 /* Condition.swift in Sources */,
			);
			runOnlyForDeploymentPostprocessing = 0;
		};
		A93271EE26AFB4A5009107CA /* Sources */ = {
			isa = PBXSourcesBuildPhase;
			buildActionMask = 2147483647;
			files = (
				A9233BDB26F32FE5007CBAA6 /* OtherTests.swift in Sources */,
				A9CF83E0270949E100FE3E21 /* ObjectTest.swift in Sources */,
				A98E4A9326FB2E2D00D7EC4F /* swfsetting.swift in Sources */,
				A9ED4B032713254800735220 /* fts5.swift in Sources */,
				A9A11D7A26DE2D26000D3F6C /* modelTest.swift in Sources */,
				A91BF41D2702EBBD002F5246 /* testJson.swift in Sources */,
				A909AD03280D0117000A49DD /* DatabaseTest.swift in Sources */,
			);
			runOnlyForDeploymentPostprocessing = 0;
		};
		A9516317280E806400B95719 /* Sources */ = {
			isa = PBXSourcesBuildPhase;
			buildActionMask = 2147483647;
			files = (
				A93792062815426400EBA6C8 /* DataBaseJSON.swift in Sources */,
				A907BDC92810F3BC001BDE45 /* DataBaseBackUp.swift in Sources */,
				A9AF8851281240CE0056FE5F /* DataBaseFetch.swift in Sources */,
				A9516329280E81C400B95719 /* DataBase.swift in Sources */,
				A9516328280E81C100B95719 /* DataBaseModel.swift in Sources */,
			);
			runOnlyForDeploymentPostprocessing = 0;
		};
		A9660CA326E5BCBD00CB98B6 /* Sources */ = {
			isa = PBXSourcesBuildPhase;
			buildActionMask = 2147483647;
			files = (
				A9660CAA26E5BCBD00CB98B6 /* AlphaOcTests.m in Sources */,
			);
			runOnlyForDeploymentPostprocessing = 0;
		};
/* End PBXSourcesBuildPhase section */

/* Begin PBXTargetDependency section */
		A93271F526AFB4A5009107CA /* PBXTargetDependency */ = {
			isa = PBXTargetDependency;
			target = A93271E826AFB4A4009107CA /* Alpha */;
			targetProxy = A93271F426AFB4A5009107CA /* PBXContainerItemProxy */;
		};
		A9516326280E810B00B95719 /* PBXTargetDependency */ = {
			isa = PBXTargetDependency;
			target = A951631A280E806400B95719 /* Ammo */;
			targetProxy = A9516325280E810B00B95719 /* PBXContainerItemProxy */;
		};
		A9660CAE26E5BCBD00CB98B6 /* PBXTargetDependency */ = {
			isa = PBXTargetDependency;
			target = A93271E826AFB4A4009107CA /* Alpha */;
			targetProxy = A9660CAD26E5BCBD00CB98B6 /* PBXContainerItemProxy */;
		};
/* End PBXTargetDependency section */

/* Begin XCBuildConfiguration section */
		A93271FB26AFB4A5009107CA /* Debug */ = {
			isa = XCBuildConfiguration;
			baseConfigurationReference = A9580AF126B120EA00530397 /* macos.xcconfig */;
			buildSettings = {
				ALWAYS_SEARCH_USER_PATHS = NO;
				CLANG_ANALYZER_NONNULL = YES;
				CLANG_ANALYZER_NUMBER_OBJECT_CONVERSION = YES_AGGRESSIVE;
				CLANG_CXX_LANGUAGE_STANDARD = "gnu++14";
				CLANG_CXX_LIBRARY = "libc++";
				CLANG_ENABLE_MODULES = YES;
				CLANG_ENABLE_OBJC_ARC = YES;
				CLANG_ENABLE_OBJC_WEAK = YES;
				CLANG_WARN_BLOCK_CAPTURE_AUTORELEASING = YES;
				CLANG_WARN_BOOL_CONVERSION = YES;
				CLANG_WARN_COMMA = YES;
				CLANG_WARN_CONSTANT_CONVERSION = YES;
				CLANG_WARN_DEPRECATED_OBJC_IMPLEMENTATIONS = YES;
				CLANG_WARN_DIRECT_OBJC_ISA_USAGE = YES_ERROR;
				CLANG_WARN_DOCUMENTATION_COMMENTS = YES;
				CLANG_WARN_EMPTY_BODY = YES;
				CLANG_WARN_ENUM_CONVERSION = YES;
				CLANG_WARN_INFINITE_RECURSION = YES;
				CLANG_WARN_INT_CONVERSION = YES;
				CLANG_WARN_NON_LITERAL_NULL_CONVERSION = YES;
				CLANG_WARN_OBJC_IMPLICIT_RETAIN_SELF = YES;
				CLANG_WARN_OBJC_LITERAL_CONVERSION = YES;
				CLANG_WARN_OBJC_ROOT_CLASS = YES_ERROR;
				CLANG_WARN_QUOTED_INCLUDE_IN_FRAMEWORK_HEADER = YES;
				CLANG_WARN_RANGE_LOOP_ANALYSIS = YES;
				CLANG_WARN_STRICT_PROTOTYPES = YES;
				CLANG_WARN_SUSPICIOUS_MOVE = YES;
				CLANG_WARN_UNGUARDED_AVAILABILITY = YES_AGGRESSIVE;
				CLANG_WARN_UNREACHABLE_CODE = YES;
				CLANG_WARN__DUPLICATE_METHOD_MATCH = YES;
				COPY_PHASE_STRIP = NO;
				CURRENT_PROJECT_VERSION = 1;
				DEBUG_INFORMATION_FORMAT = dwarf;
				ENABLE_STRICT_OBJC_MSGSEND = YES;
				ENABLE_TESTABILITY = YES;
				GCC_C_LANGUAGE_STANDARD = gnu11;
				GCC_DYNAMIC_NO_PIC = NO;
				GCC_NO_COMMON_BLOCKS = YES;
				GCC_OPTIMIZATION_LEVEL = 0;
				GCC_PREPROCESSOR_DEFINITIONS = (
					"DEBUG=1",
					"$(inherited)",
				);
				GCC_WARN_64_TO_32_BIT_CONVERSION = YES;
				GCC_WARN_ABOUT_RETURN_TYPE = YES_ERROR;
				GCC_WARN_UNDECLARED_SELECTOR = YES;
				GCC_WARN_UNINITIALIZED_AUTOS = YES_AGGRESSIVE;
				GCC_WARN_UNUSED_FUNCTION = YES;
				GCC_WARN_UNUSED_VARIABLE = YES;
				IPHONEOS_DEPLOYMENT_TARGET = 14.5;
				MACOSX_DEPLOYMENT_TARGET = 11.3;
				MTL_ENABLE_DEBUG_INFO = INCLUDE_SOURCE;
				MTL_FAST_MATH = YES;
				ONLY_ACTIVE_ARCH = YES;
				SDKROOT = iphoneos;
				SWIFT_ACTIVE_COMPILATION_CONDITIONS = DEBUG;
				SWIFT_OPTIMIZATION_LEVEL = "-Onone";
				VERSIONING_SYSTEM = "apple-generic";
				VERSION_INFO_PREFIX = "";
			};
			name = Debug;
		};
		A93271FC26AFB4A5009107CA /* Release */ = {
			isa = XCBuildConfiguration;
			buildSettings = {
				ALWAYS_SEARCH_USER_PATHS = NO;
				CLANG_ANALYZER_NONNULL = YES;
				CLANG_ANALYZER_NUMBER_OBJECT_CONVERSION = YES_AGGRESSIVE;
				CLANG_CXX_LANGUAGE_STANDARD = "gnu++14";
				CLANG_CXX_LIBRARY = "libc++";
				CLANG_ENABLE_MODULES = YES;
				CLANG_ENABLE_OBJC_ARC = YES;
				CLANG_ENABLE_OBJC_WEAK = YES;
				CLANG_WARN_BLOCK_CAPTURE_AUTORELEASING = YES;
				CLANG_WARN_BOOL_CONVERSION = YES;
				CLANG_WARN_COMMA = YES;
				CLANG_WARN_CONSTANT_CONVERSION = YES;
				CLANG_WARN_DEPRECATED_OBJC_IMPLEMENTATIONS = YES;
				CLANG_WARN_DIRECT_OBJC_ISA_USAGE = YES_ERROR;
				CLANG_WARN_DOCUMENTATION_COMMENTS = YES;
				CLANG_WARN_EMPTY_BODY = YES;
				CLANG_WARN_ENUM_CONVERSION = YES;
				CLANG_WARN_INFINITE_RECURSION = YES;
				CLANG_WARN_INT_CONVERSION = YES;
				CLANG_WARN_NON_LITERAL_NULL_CONVERSION = YES;
				CLANG_WARN_OBJC_IMPLICIT_RETAIN_SELF = YES;
				CLANG_WARN_OBJC_LITERAL_CONVERSION = YES;
				CLANG_WARN_OBJC_ROOT_CLASS = YES_ERROR;
				CLANG_WARN_QUOTED_INCLUDE_IN_FRAMEWORK_HEADER = YES;
				CLANG_WARN_RANGE_LOOP_ANALYSIS = YES;
				CLANG_WARN_STRICT_PROTOTYPES = YES;
				CLANG_WARN_SUSPICIOUS_MOVE = YES;
				CLANG_WARN_UNGUARDED_AVAILABILITY = YES_AGGRESSIVE;
				CLANG_WARN_UNREACHABLE_CODE = YES;
				CLANG_WARN__DUPLICATE_METHOD_MATCH = YES;
				COPY_PHASE_STRIP = NO;
				CURRENT_PROJECT_VERSION = 1;
				DEBUG_INFORMATION_FORMAT = "dwarf-with-dsym";
				ENABLE_NS_ASSERTIONS = NO;
				ENABLE_STRICT_OBJC_MSGSEND = YES;
				GCC_C_LANGUAGE_STANDARD = gnu11;
				GCC_NO_COMMON_BLOCKS = YES;
				GCC_WARN_64_TO_32_BIT_CONVERSION = YES;
				GCC_WARN_ABOUT_RETURN_TYPE = YES_ERROR;
				GCC_WARN_UNDECLARED_SELECTOR = YES;
				GCC_WARN_UNINITIALIZED_AUTOS = YES_AGGRESSIVE;
				GCC_WARN_UNUSED_FUNCTION = YES;
				GCC_WARN_UNUSED_VARIABLE = YES;
				IPHONEOS_DEPLOYMENT_TARGET = 14.5;
				MACOSX_DEPLOYMENT_TARGET = 11.3;
				MTL_ENABLE_DEBUG_INFO = NO;
				MTL_FAST_MATH = YES;
				SDKROOT = iphoneos;
				SWIFT_COMPILATION_MODE = wholemodule;
				SWIFT_OPTIMIZATION_LEVEL = "-O";
				VALIDATE_PRODUCT = YES;
				VERSIONING_SYSTEM = "apple-generic";
				VERSION_INFO_PREFIX = "";
			};
			name = Release;
		};
		A93271FE26AFB4A5009107CA /* Debug */ = {
			isa = XCBuildConfiguration;
			baseConfigurationReference = A9580AF126B120EA00530397 /* macos.xcconfig */;
			buildSettings = {
				ARCHS = "$(ARCHS_STANDARD)";
				CLANG_ENABLE_MODULES = YES;
				CODE_SIGN_STYLE = Automatic;
				DEFINES_MODULE = YES;
				DEVELOPMENT_TEAM = JYCHA46QC4;
				DYLIB_COMPATIBILITY_VERSION = 1;
				DYLIB_CURRENT_VERSION = 1;
				DYLIB_INSTALL_NAME_BASE = "@rpath";
				INFOPLIST_FILE = Alpha/Info.plist;
				INSTALL_PATH = "$(LOCAL_LIBRARY_DIR)/Frameworks";
				IPHONEOS_DEPLOYMENT_TARGET = 12.0;
				LD_RUNPATH_SEARCH_PATHS = (
					"$(inherited)",
					"@executable_path/Frameworks",
					"@loader_path/Frameworks",
				);
				PRODUCT_BUNDLE_IDENTIFIER = com.francis.Alpha;
				PRODUCT_NAME = "$(TARGET_NAME:c99extidentifier)";
				SKIP_INSTALL = YES;
				SWIFT_OPTIMIZATION_LEVEL = "-Onone";
				SWIFT_VERSION = 5.0;
				TARGETED_DEVICE_FAMILY = "1,2";
			};
			name = Debug;
		};
		A93271FF26AFB4A5009107CA /* Release */ = {
			isa = XCBuildConfiguration;
			buildSettings = {
				ARCHS = "$(ARCHS_STANDARD)";
				CLANG_ENABLE_MODULES = YES;
				CODE_SIGN_STYLE = Automatic;
				DEFINES_MODULE = YES;
				DEVELOPMENT_TEAM = JYCHA46QC4;
				DYLIB_COMPATIBILITY_VERSION = 1;
				DYLIB_CURRENT_VERSION = 1;
				DYLIB_INSTALL_NAME_BASE = "@rpath";
				INFOPLIST_FILE = Alpha/Info.plist;
				INSTALL_PATH = "$(LOCAL_LIBRARY_DIR)/Frameworks";
				IPHONEOS_DEPLOYMENT_TARGET = 12.0;
				LD_RUNPATH_SEARCH_PATHS = (
					"$(inherited)",
					"@executable_path/Frameworks",
					"@loader_path/Frameworks",
				);
				PRODUCT_BUNDLE_IDENTIFIER = com.francis.Alpha;
				PRODUCT_NAME = "$(TARGET_NAME:c99extidentifier)";
				SKIP_INSTALL = YES;
				SWIFT_VERSION = 5.0;
				TARGETED_DEVICE_FAMILY = "1,2";
			};
			name = Release;
		};
		A932720126AFB4A5009107CA /* Debug */ = {
			isa = XCBuildConfiguration;
			baseConfigurationReference = A9580AF126B120EA00530397 /* macos.xcconfig */;
			buildSettings = {
				ALWAYS_EMBED_SWIFT_STANDARD_LIBRARIES = YES;
				ARCHS = "$(ARCHS_STANDARD)";
				CODE_SIGN_STYLE = Automatic;
				DEVELOPMENT_TEAM = JYCHA46QC4;
				INFOPLIST_FILE = AlphaTests/Info.plist;
				LD_RUNPATH_SEARCH_PATHS = (
					"$(inherited)",
					"@executable_path/Frameworks",
					"@loader_path/Frameworks",
				);
				PRODUCT_BUNDLE_IDENTIFIER = com.francis.AlphaTests;
				PRODUCT_NAME = "$(TARGET_NAME)";
				SWIFT_VERSION = 5.0;
				TARGETED_DEVICE_FAMILY = "1,2";
			};
			name = Debug;
		};
		A932720226AFB4A5009107CA /* Release */ = {
			isa = XCBuildConfiguration;
			buildSettings = {
				ALWAYS_EMBED_SWIFT_STANDARD_LIBRARIES = YES;
				ARCHS = "$(ARCHS_STANDARD)";
				CODE_SIGN_STYLE = Automatic;
				DEVELOPMENT_TEAM = JYCHA46QC4;
				INFOPLIST_FILE = AlphaTests/Info.plist;
				LD_RUNPATH_SEARCH_PATHS = (
					"$(inherited)",
					"@executable_path/Frameworks",
					"@loader_path/Frameworks",
				);
				PRODUCT_BUNDLE_IDENTIFIER = com.francis.AlphaTests;
				PRODUCT_NAME = "$(TARGET_NAME)";
				SWIFT_VERSION = 5.0;
				TARGETED_DEVICE_FAMILY = "1,2";
			};
			name = Release;
		};
		A9516320280E806500B95719 /* Debug */ = {
			isa = XCBuildConfiguration;
			baseConfigurationReference = A9580AF126B120EA00530397 /* macos.xcconfig */;
			buildSettings = {
				ARCHS = "$(ARCHS_STANDARD)";
				CLANG_CXX_LANGUAGE_STANDARD = "gnu++17";
				CODE_SIGN_STYLE = Automatic;
				CURRENT_PROJECT_VERSION = 1;
				DEFINES_MODULE = YES;
				DEVELOPMENT_TEAM = JYCHA46QC4;
				DYLIB_COMPATIBILITY_VERSION = 1;
				DYLIB_CURRENT_VERSION = 1;
				DYLIB_INSTALL_NAME_BASE = "@rpath";
				GENERATE_INFOPLIST_FILE = YES;
				INFOPLIST_KEY_NSHumanReadableCopyright = "";
				INSTALL_PATH = "$(LOCAL_LIBRARY_DIR)/Frameworks";
				IPHONEOS_DEPLOYMENT_TARGET = 12.0;
				LD_RUNPATH_SEARCH_PATHS = (
					"$(inherited)",
					"@executable_path/Frameworks",
					"@loader_path/Frameworks",
				);
				MARKETING_VERSION = 1.0;
				PRODUCT_BUNDLE_IDENTIFIER = com.francis.Ammo;
				PRODUCT_NAME = "$(TARGET_NAME:c99extidentifier)";
				SDKROOT = macosx;
				SKIP_INSTALL = YES;
				SWIFT_EMIT_LOC_STRINGS = YES;
				SWIFT_VERSION = 5.0;
				TARGETED_DEVICE_FAMILY = "1,2";
			};
			name = Debug;
		};
		A9516321280E806500B95719 /* mob */ = {
			isa = XCBuildConfiguration;
			baseConfigurationReference = A96A862126CCBC090057A16B /* mob.xcconfig */;
			buildSettings = {
				ARCHS = "$(ARCHS_STANDARD)";
				CLANG_CXX_LANGUAGE_STANDARD = "gnu++17";
				CODE_SIGN_STYLE = Automatic;
				CURRENT_PROJECT_VERSION = 1;
				DEFINES_MODULE = YES;
				DEVELOPMENT_TEAM = JYCHA46QC4;
				DYLIB_COMPATIBILITY_VERSION = 1;
				DYLIB_CURRENT_VERSION = 1;
				DYLIB_INSTALL_NAME_BASE = "@rpath";
				GENERATE_INFOPLIST_FILE = YES;
				INFOPLIST_KEY_NSHumanReadableCopyright = "";
				INSTALL_PATH = "$(LOCAL_LIBRARY_DIR)/Frameworks";
				IPHONEOS_DEPLOYMENT_TARGET = 12.0;
				LD_RUNPATH_SEARCH_PATHS = (
					"$(inherited)",
					"@executable_path/Frameworks",
					"@loader_path/Frameworks",
				);
				MARKETING_VERSION = 1.0;
				PRODUCT_BUNDLE_IDENTIFIER = com.francis.Ammo;
				PRODUCT_NAME = "$(TARGET_NAME:c99extidentifier)";
				SKIP_INSTALL = YES;
				SWIFT_EMIT_LOC_STRINGS = YES;
				SWIFT_VERSION = 5.0;
				TARGETED_DEVICE_FAMILY = "1,2";
			};
			name = mob;
		};
		A9516322280E806500B95719 /* Release */ = {
			isa = XCBuildConfiguration;
			buildSettings = {
				ARCHS = "$(ARCHS_STANDARD)";
				CLANG_CXX_LANGUAGE_STANDARD = "gnu++17";
				CODE_SIGN_STYLE = Automatic;
				CURRENT_PROJECT_VERSION = 1;
				DEFINES_MODULE = YES;
				DEVELOPMENT_TEAM = JYCHA46QC4;
				DYLIB_COMPATIBILITY_VERSION = 1;
				DYLIB_CURRENT_VERSION = 1;
				DYLIB_INSTALL_NAME_BASE = "@rpath";
				GENERATE_INFOPLIST_FILE = YES;
				INFOPLIST_KEY_NSHumanReadableCopyright = "";
				INSTALL_PATH = "$(LOCAL_LIBRARY_DIR)/Frameworks";
				IPHONEOS_DEPLOYMENT_TARGET = 12.0;
				LD_RUNPATH_SEARCH_PATHS = (
					"$(inherited)",
					"@executable_path/Frameworks",
					"@loader_path/Frameworks",
				);
				MARKETING_VERSION = 1.0;
				PRODUCT_BUNDLE_IDENTIFIER = com.francis.Ammo;
				PRODUCT_NAME = "$(TARGET_NAME:c99extidentifier)";
				SKIP_INSTALL = YES;
				SWIFT_EMIT_LOC_STRINGS = YES;
				SWIFT_VERSION = 5.0;
				TARGETED_DEVICE_FAMILY = "1,2";
			};
			name = Release;
		};
		A9660CB026E5BCBD00CB98B6 /* Debug */ = {
			isa = XCBuildConfiguration;
			baseConfigurationReference = A9580AF126B120EA00530397 /* macos.xcconfig */;
			buildSettings = {
				ALWAYS_EMBED_SWIFT_STANDARD_LIBRARIES = YES;
				CODE_SIGN_STYLE = Automatic;
				DEVELOPMENT_TEAM = 27ZYBRBPV8;
				INFOPLIST_FILE = AlphaOcTests/Info.plist;
				LD_RUNPATH_SEARCH_PATHS = (
					"$(inherited)",
					"@executable_path/Frameworks",
					"@loader_path/Frameworks",
				);
				PRODUCT_BUNDLE_IDENTIFIER = com.francis.AlphaOcTests;
				PRODUCT_NAME = "$(TARGET_NAME)";
				TARGETED_DEVICE_FAMILY = "1,2";
			};
			name = Debug;
		};
		A9660CB126E5BCBD00CB98B6 /* mob */ = {
			isa = XCBuildConfiguration;
			baseConfigurationReference = A96A862126CCBC090057A16B /* mob.xcconfig */;
			buildSettings = {
				ALWAYS_EMBED_SWIFT_STANDARD_LIBRARIES = YES;
				CODE_SIGN_STYLE = Automatic;
				DEVELOPMENT_TEAM = 27ZYBRBPV8;
				INFOPLIST_FILE = AlphaOcTests/Info.plist;
				IPHONEOS_DEPLOYMENT_TARGET = 12.0;
				LD_RUNPATH_SEARCH_PATHS = (
					"$(inherited)",
					"@executable_path/Frameworks",
					"@loader_path/Frameworks",
				);
				PRODUCT_BUNDLE_IDENTIFIER = com.francis.AlphaOcTests;
				PRODUCT_NAME = "$(TARGET_NAME)";
				TARGETED_DEVICE_FAMILY = "1,2";
			};
			name = mob;
		};
		A9660CB226E5BCBD00CB98B6 /* Release */ = {
			isa = XCBuildConfiguration;
			buildSettings = {
				ALWAYS_EMBED_SWIFT_STANDARD_LIBRARIES = YES;
				CODE_SIGN_STYLE = Automatic;
				DEVELOPMENT_TEAM = 27ZYBRBPV8;
				INFOPLIST_FILE = AlphaOcTests/Info.plist;
				LD_RUNPATH_SEARCH_PATHS = (
					"$(inherited)",
					"@executable_path/Frameworks",
					"@loader_path/Frameworks",
				);
				PRODUCT_BUNDLE_IDENTIFIER = com.francis.AlphaOcTests;
				PRODUCT_NAME = "$(TARGET_NAME)";
				TARGETED_DEVICE_FAMILY = "1,2";
			};
			name = Release;
		};
		A96A862226CCBE120057A16B /* mob */ = {
			isa = XCBuildConfiguration;
			baseConfigurationReference = A96A862126CCBC090057A16B /* mob.xcconfig */;
			buildSettings = {
				ALWAYS_SEARCH_USER_PATHS = NO;
				CLANG_ANALYZER_NONNULL = YES;
				CLANG_ANALYZER_NUMBER_OBJECT_CONVERSION = YES_AGGRESSIVE;
				CLANG_CXX_LANGUAGE_STANDARD = "gnu++14";
				CLANG_CXX_LIBRARY = "libc++";
				CLANG_ENABLE_MODULES = YES;
				CLANG_ENABLE_OBJC_ARC = YES;
				CLANG_ENABLE_OBJC_WEAK = YES;
				CLANG_WARN_BLOCK_CAPTURE_AUTORELEASING = YES;
				CLANG_WARN_BOOL_CONVERSION = YES;
				CLANG_WARN_COMMA = YES;
				CLANG_WARN_CONSTANT_CONVERSION = YES;
				CLANG_WARN_DEPRECATED_OBJC_IMPLEMENTATIONS = YES;
				CLANG_WARN_DIRECT_OBJC_ISA_USAGE = YES_ERROR;
				CLANG_WARN_DOCUMENTATION_COMMENTS = YES;
				CLANG_WARN_EMPTY_BODY = YES;
				CLANG_WARN_ENUM_CONVERSION = YES;
				CLANG_WARN_INFINITE_RECURSION = YES;
				CLANG_WARN_INT_CONVERSION = YES;
				CLANG_WARN_NON_LITERAL_NULL_CONVERSION = YES;
				CLANG_WARN_OBJC_IMPLICIT_RETAIN_SELF = YES;
				CLANG_WARN_OBJC_LITERAL_CONVERSION = YES;
				CLANG_WARN_OBJC_ROOT_CLASS = YES_ERROR;
				CLANG_WARN_QUOTED_INCLUDE_IN_FRAMEWORK_HEADER = YES;
				CLANG_WARN_RANGE_LOOP_ANALYSIS = YES;
				CLANG_WARN_STRICT_PROTOTYPES = YES;
				CLANG_WARN_SUSPICIOUS_MOVE = YES;
				CLANG_WARN_UNGUARDED_AVAILABILITY = YES_AGGRESSIVE;
				CLANG_WARN_UNREACHABLE_CODE = YES;
				CLANG_WARN__DUPLICATE_METHOD_MATCH = YES;
				COPY_PHASE_STRIP = NO;
				CURRENT_PROJECT_VERSION = 1;
				DEBUG_INFORMATION_FORMAT = dwarf;
				ENABLE_STRICT_OBJC_MSGSEND = YES;
				ENABLE_TESTABILITY = YES;
				GCC_C_LANGUAGE_STANDARD = gnu11;
				GCC_DYNAMIC_NO_PIC = NO;
				GCC_NO_COMMON_BLOCKS = YES;
				GCC_OPTIMIZATION_LEVEL = 0;
				GCC_PREPROCESSOR_DEFINITIONS = (
					"DEBUG=1",
					"$(inherited)",
				);
				GCC_WARN_64_TO_32_BIT_CONVERSION = YES;
				GCC_WARN_ABOUT_RETURN_TYPE = YES_ERROR;
				GCC_WARN_UNDECLARED_SELECTOR = YES;
				GCC_WARN_UNINITIALIZED_AUTOS = YES_AGGRESSIVE;
				GCC_WARN_UNUSED_FUNCTION = YES;
				GCC_WARN_UNUSED_VARIABLE = YES;
				IPHONEOS_DEPLOYMENT_TARGET = 14.5;
				MACOSX_DEPLOYMENT_TARGET = 11.3;
				MTL_ENABLE_DEBUG_INFO = INCLUDE_SOURCE;
				MTL_FAST_MATH = YES;
				ONLY_ACTIVE_ARCH = YES;
				SDKROOT = iphoneos;
				SWIFT_ACTIVE_COMPILATION_CONDITIONS = DEBUG;
				SWIFT_OPTIMIZATION_LEVEL = "-Onone";
				VERSIONING_SYSTEM = "apple-generic";
				VERSION_INFO_PREFIX = "";
			};
			name = mob;
		};
		A96A862326CCBE120057A16B /* mob */ = {
			isa = XCBuildConfiguration;
			baseConfigurationReference = A96A862126CCBC090057A16B /* mob.xcconfig */;
			buildSettings = {
				ARCHS = "$(ARCHS_STANDARD)";
				CLANG_ENABLE_MODULES = YES;
				CODE_SIGN_STYLE = Automatic;
				DEFINES_MODULE = YES;
				DEVELOPMENT_TEAM = JYCHA46QC4;
				DYLIB_COMPATIBILITY_VERSION = 1;
				DYLIB_CURRENT_VERSION = 1;
				DYLIB_INSTALL_NAME_BASE = "@rpath";
				INFOPLIST_FILE = Alpha/Info.plist;
				INSTALL_PATH = "$(LOCAL_LIBRARY_DIR)/Frameworks";
				IPHONEOS_DEPLOYMENT_TARGET = 12.0;
				LD_RUNPATH_SEARCH_PATHS = (
					"$(inherited)",
					"@executable_path/Frameworks",
					"@loader_path/Frameworks",
				);
				PRODUCT_BUNDLE_IDENTIFIER = com.francis.Alpha;
				PRODUCT_NAME = "$(TARGET_NAME:c99extidentifier)";
				SKIP_INSTALL = YES;
				SWIFT_OPTIMIZATION_LEVEL = "-Onone";
				SWIFT_VERSION = 5.0;
				TARGETED_DEVICE_FAMILY = "1,2";
			};
			name = mob;
		};
		A96A862426CCBE120057A16B /* mob */ = {
			isa = XCBuildConfiguration;
			baseConfigurationReference = A96A862126CCBC090057A16B /* mob.xcconfig */;
			buildSettings = {
				ALWAYS_EMBED_SWIFT_STANDARD_LIBRARIES = YES;
				ARCHS = "$(ARCHS_STANDARD)";
				CODE_SIGN_STYLE = Automatic;
				DEVELOPMENT_TEAM = JYCHA46QC4;
				INFOPLIST_FILE = AlphaTests/Info.plist;
				IPHONEOS_DEPLOYMENT_TARGET = 12.0;
				LD_RUNPATH_SEARCH_PATHS = (
					"$(inherited)",
					"@executable_path/Frameworks",
					"@loader_path/Frameworks",
				);
				PRODUCT_BUNDLE_IDENTIFIER = com.francis.AlphaTests;
				PRODUCT_NAME = "$(TARGET_NAME)";
				SWIFT_VERSION = 5.0;
				TARGETED_DEVICE_FAMILY = "1,2";
			};
			name = mob;
		};
/* End XCBuildConfiguration section */

/* Begin XCConfigurationList section */
		A93271E326AFB4A4009107CA /* Build configuration list for PBXProject "Alpha" */ = {
			isa = XCConfigurationList;
			buildConfigurations = (
				A93271FB26AFB4A5009107CA /* Debug */,
				A96A862226CCBE120057A16B /* mob */,
				A93271FC26AFB4A5009107CA /* Release */,
			);
			defaultConfigurationIsVisible = 0;
			defaultConfigurationName = Release;
		};
		A93271FD26AFB4A5009107CA /* Build configuration list for PBXNativeTarget "Alpha" */ = {
			isa = XCConfigurationList;
			buildConfigurations = (
				A93271FE26AFB4A5009107CA /* Debug */,
				A96A862326CCBE120057A16B /* mob */,
				A93271FF26AFB4A5009107CA /* Release */,
			);
			defaultConfigurationIsVisible = 0;
			defaultConfigurationName = Release;
		};
		A932720026AFB4A5009107CA /* Build configuration list for PBXNativeTarget "AlphaTests" */ = {
			isa = XCConfigurationList;
			buildConfigurations = (
				A932720126AFB4A5009107CA /* Debug */,
				A96A862426CCBE120057A16B /* mob */,
				A932720226AFB4A5009107CA /* Release */,
			);
			defaultConfigurationIsVisible = 0;
			defaultConfigurationName = Release;
		};
		A951631F280E806500B95719 /* Build configuration list for PBXNativeTarget "Ammo" */ = {
			isa = XCConfigurationList;
			buildConfigurations = (
				A9516320280E806500B95719 /* Debug */,
				A9516321280E806500B95719 /* mob */,
				A9516322280E806500B95719 /* Release */,
			);
			defaultConfigurationIsVisible = 0;
			defaultConfigurationName = Release;
		};
		A9660CAF26E5BCBD00CB98B6 /* Build configuration list for PBXNativeTarget "AlphaOcTests" */ = {
			isa = XCConfigurationList;
			buildConfigurations = (
				A9660CB026E5BCBD00CB98B6 /* Debug */,
				A9660CB126E5BCBD00CB98B6 /* mob */,
				A9660CB226E5BCBD00CB98B6 /* Release */,
			);
			defaultConfigurationIsVisible = 0;
			defaultConfigurationName = Release;
		};
/* End XCConfigurationList section */
	};
	rootObject = A93271E026AFB4A4009107CA /* Project object */;
}
