// !$*UTF8*$!
{
	archiveVersion = 1;
	classes = {
	};
	objectVersion = 55;
	objects = {

/* Begin PBXBuildFile section */
		0407F89EA0CCCE1CB2569154 /* Pods_testBIT.framework in Frameworks */ = {isa = PBXBuildFile; fileRef = E40FAF8F2168C2AB579D3998 /* Pods_testBIT.framework */; };
		A9D574192913713D0025BAE3 /* AppDelegate.swift in Sources */ = {isa = PBXBuildFile; fileRef = A9D574182913713D0025BAE3 /* AppDelegate.swift */; };
		A9D5741D2913713D0025BAE3 /* ViewController.swift in Sources */ = {isa = PBXBuildFile; fileRef = A9D5741C2913713D0025BAE3 /* ViewController.swift */; };
		A9D574202913713D0025BAE3 /* Main.storyboard in Resources */ = {isa = PBXBuildFile; fileRef = A9D5741E2913713D0025BAE3 /* Main.storyboard */; };
		A9D574222913713F0025BAE3 /* Assets.xcassets in Resources */ = {isa = PBXBuildFile; fileRef = A9D574212913713F0025BAE3 /* Assets.xcassets */; };
		A9D574252913713F0025BAE3 /* LaunchScreen.storyboard in Resources */ = {isa = PBXBuildFile; fileRef = A9D574232913713F0025BAE3 /* LaunchScreen.storyboard */; };
		A9D5742E291390500025BAE3 /* Sender.swift in Sources */ = {isa = PBXBuildFile; fileRef = A9D5742D291390500025BAE3 /* Sender.swift */; };
		A9E0F8402925435100B51E46 /* AppDelegate.m in Sources */ = {isa = PBXBuildFile; fileRef = A9E0F83F2925435100B51E46 /* AppDelegate.m */; };
		A9E0F8462925435100B51E46 /* ViewController.m in Sources */ = {isa = PBXBuildFile; fileRef = A9E0F8452925435100B51E46 /* ViewController.m */; };
		A9E0F8492925435100B51E46 /* Main.storyboard in Resources */ = {isa = PBXBuildFile; fileRef = A9E0F8472925435100B51E46 /* Main.storyboard */; };
		A9E0F84B2925435400B51E46 /* Assets.xcassets in Resources */ = {isa = PBXBuildFile; fileRef = A9E0F84A2925435400B51E46 /* Assets.xcassets */; };
		A9E0F84E2925435400B51E46 /* LaunchScreen.storyboard in Resources */ = {isa = PBXBuildFile; fileRef = A9E0F84C2925435400B51E46 /* LaunchScreen.storyboard */; };
		A9E0F8512925435400B51E46 /* main.m in Sources */ = {isa = PBXBuildFile; fileRef = A9E0F8502925435400B51E46 /* main.m */; };
		F4A01BB7F509F84E24C86BCC /* Pods_example.framework in Frameworks */ = {isa = PBXBuildFile; fileRef = 9E75C3D0DE0FEAC150D10A6F /* Pods_example.framework */; };
/* End PBXBuildFile section */

/* Begin PBXFileReference section */
		4262503BB73BCC8DD0D86BE0 /* Pods-testBIT.release.xcconfig */ = {isa = PBXFileReference; includeInIndex = 1; lastKnownFileType = text.xcconfig; name = "Pods-testBIT.release.xcconfig"; path = "Target Support Files/Pods-testBIT/Pods-testBIT.release.xcconfig"; sourceTree = "<group>"; };
		4F80B8EC91C22BB7A16DF7F2 /* Pods-example.release.xcconfig */ = {isa = PBXFileReference; includeInIndex = 1; lastKnownFileType = text.xcconfig; name = "Pods-example.release.xcconfig"; path = "Target Support Files/Pods-example/Pods-example.release.xcconfig"; sourceTree = "<group>"; };
		971C74CEF0BF2517E4D56830 /* Pods-testBIT.debug.xcconfig */ = {isa = PBXFileReference; includeInIndex = 1; lastKnownFileType = text.xcconfig; name = "Pods-testBIT.debug.xcconfig"; path = "Target Support Files/Pods-testBIT/Pods-testBIT.debug.xcconfig"; sourceTree = "<group>"; };
		9E75C3D0DE0FEAC150D10A6F /* Pods_example.framework */ = {isa = PBXFileReference; explicitFileType = wrapper.framework; includeInIndex = 0; path = Pods_example.framework; sourceTree = BUILT_PRODUCTS_DIR; };
		A9D574152913713D0025BAE3 /* example.app */ = {isa = PBXFileReference; explicitFileType = wrapper.application; includeInIndex = 0; path = example.app; sourceTree = BUILT_PRODUCTS_DIR; };
		A9D574182913713D0025BAE3 /* AppDelegate.swift */ = {isa = PBXFileReference; lastKnownFileType = sourcecode.swift; path = AppDelegate.swift; sourceTree = "<group>"; };
		A9D5741C2913713D0025BAE3 /* ViewController.swift */ = {isa = PBXFileReference; lastKnownFileType = sourcecode.swift; path = ViewController.swift; sourceTree = "<group>"; };
		A9D5741F2913713D0025BAE3 /* Base */ = {isa = PBXFileReference; lastKnownFileType = file.storyboard; name = Base; path = Base.lproj/Main.storyboard; sourceTree = "<group>"; };
		A9D574212913713F0025BAE3 /* Assets.xcassets */ = {isa = PBXFileReference; lastKnownFileType = folder.assetcatalog; path = Assets.xcassets; sourceTree = "<group>"; };
		A9D574242913713F0025BAE3 /* Base */ = {isa = PBXFileReference; lastKnownFileType = file.storyboard; name = Base; path = Base.lproj/LaunchScreen.storyboard; sourceTree = "<group>"; };
		A9D574262913713F0025BAE3 /* Info.plist */ = {isa = PBXFileReference; lastKnownFileType = text.plist.xml; path = Info.plist; sourceTree = "<group>"; };
		A9D5742D291390500025BAE3 /* Sender.swift */ = {isa = PBXFileReference; lastKnownFileType = sourcecode.swift; path = Sender.swift; sourceTree = "<group>"; };
		A9E0F83C2925435000B51E46 /* testBIT.app */ = {isa = PBXFileReference; explicitFileType = wrapper.application; includeInIndex = 0; path = testBIT.app; sourceTree = BUILT_PRODUCTS_DIR; };
		A9E0F83E2925435100B51E46 /* AppDelegate.h */ = {isa = PBXFileReference; lastKnownFileType = sourcecode.c.h; path = AppDelegate.h; sourceTree = "<group>"; };
		A9E0F83F2925435100B51E46 /* AppDelegate.m */ = {isa = PBXFileReference; lastKnownFileType = sourcecode.c.objc; path = AppDelegate.m; sourceTree = "<group>"; };
		A9E0F8442925435100B51E46 /* ViewController.h */ = {isa = PBXFileReference; lastKnownFileType = sourcecode.c.h; path = ViewController.h; sourceTree = "<group>"; };
		A9E0F8452925435100B51E46 /* ViewController.m */ = {isa = PBXFileReference; lastKnownFileType = sourcecode.c.objc; path = ViewController.m; sourceTree = "<group>"; };
		A9E0F8482925435100B51E46 /* Base */ = {isa = PBXFileReference; lastKnownFileType = file.storyboard; name = Base; path = Base.lproj/Main.storyboard; sourceTree = "<group>"; };
		A9E0F84A2925435400B51E46 /* Assets.xcassets */ = {isa = PBXFileReference; lastKnownFileType = folder.assetcatalog; path = Assets.xcassets; sourceTree = "<group>"; };
		A9E0F84D2925435400B51E46 /* Base */ = {isa = PBXFileReference; lastKnownFileType = file.storyboard; name = Base; path = Base.lproj/LaunchScreen.storyboard; sourceTree = "<group>"; };
		A9E0F84F2925435400B51E46 /* Info.plist */ = {isa = PBXFileReference; lastKnownFileType = text.plist.xml; path = Info.plist; sourceTree = "<group>"; };
		A9E0F8502925435400B51E46 /* main.m */ = {isa = PBXFileReference; lastKnownFileType = sourcecode.c.objc; path = main.m; sourceTree = "<group>"; };
		D3743A2FB480DB561898EDEF /* Pods-example.debug.xcconfig */ = {isa = PBXFileReference; includeInIndex = 1; lastKnownFileType = text.xcconfig; name = "Pods-example.debug.xcconfig"; path = "Target Support Files/Pods-example/Pods-example.debug.xcconfig"; sourceTree = "<group>"; };
		E40FAF8F2168C2AB579D3998 /* Pods_testBIT.framework */ = {isa = PBXFileReference; explicitFileType = wrapper.framework; includeInIndex = 0; path = Pods_testBIT.framework; sourceTree = BUILT_PRODUCTS_DIR; };
/* End PBXFileReference section */

/* Begin PBXFrameworksBuildPhase section */
		A9D574122913713D0025BAE3 /* Frameworks */ = {
			isa = PBXFrameworksBuildPhase;
			buildActionMask = 2147483647;
			files = (
				F4A01BB7F509F84E24C86BCC /* Pods_example.framework in Frameworks */,
			);
			runOnlyForDeploymentPostprocessing = 0;
		};
		A9E0F8392925435000B51E46 /* Frameworks */ = {
			isa = PBXFrameworksBuildPhase;
			buildActionMask = 2147483647;
			files = (
				0407F89EA0CCCE1CB2569154 /* Pods_testBIT.framework in Frameworks */,
			);
			runOnlyForDeploymentPostprocessing = 0;
		};
/* End PBXFrameworksBuildPhase section */

/* Begin PBXGroup section */
		0417B2D0ED3156106FF97224 /* Pods */ = {
			isa = PBXGroup;
			children = (
				D3743A2FB480DB561898EDEF /* Pods-example.debug.xcconfig */,
				4F80B8EC91C22BB7A16DF7F2 /* Pods-example.release.xcconfig */,
				971C74CEF0BF2517E4D56830 /* Pods-testBIT.debug.xcconfig */,
				4262503BB73BCC8DD0D86BE0 /* Pods-testBIT.release.xcconfig */,
			);
			path = Pods;
			sourceTree = "<group>";
		};
		6D0A863939C600F688062720 /* Frameworks */ = {
			isa = PBXGroup;
			children = (
				9E75C3D0DE0FEAC150D10A6F /* Pods_example.framework */,
				E40FAF8F2168C2AB579D3998 /* Pods_testBIT.framework */,
			);
			name = Frameworks;
			sourceTree = "<group>";
		};
		A9D5740C2913713D0025BAE3 = {
			isa = PBXGroup;
			children = (
				A9D574172913713D0025BAE3 /* example */,
				A9E0F83D2925435100B51E46 /* testBIT */,
				A9D574162913713D0025BAE3 /* Products */,
				0417B2D0ED3156106FF97224 /* Pods */,
				6D0A863939C600F688062720 /* Frameworks */,
			);
			sourceTree = "<group>";
		};
		A9D574162913713D0025BAE3 /* Products */ = {
			isa = PBXGroup;
			children = (
				A9D574152913713D0025BAE3 /* example.app */,
				A9E0F83C2925435000B51E46 /* testBIT.app */,
			);
			name = Products;
			sourceTree = "<group>";
		};
		A9D574172913713D0025BAE3 /* example */ = {
			isa = PBXGroup;
			children = (
				A9D5742C2913902E0025BAE3 /* swui */,
				A9D574182913713D0025BAE3 /* AppDelegate.swift */,
				A9D5741C2913713D0025BAE3 /* ViewController.swift */,
				A9D5741E2913713D0025BAE3 /* Main.storyboard */,
				A9D574212913713F0025BAE3 /* Assets.xcassets */,
				A9D574232913713F0025BAE3 /* LaunchScreen.storyboard */,
				A9D574262913713F0025BAE3 /* Info.plist */,
			);
			path = example;
			sourceTree = "<group>";
		};
		A9D5742C2913902E0025BAE3 /* swui */ = {
			isa = PBXGroup;
			children = (
				A9D5742D291390500025BAE3 /* Sender.swift */,
			);
			path = swui;
			sourceTree = "<group>";
		};
		A9E0F83D2925435100B51E46 /* testBIT */ = {
			isa = PBXGroup;
			children = (
				A9E0F83E2925435100B51E46 /* AppDelegate.h */,
				A9E0F83F2925435100B51E46 /* AppDelegate.m */,
				A9E0F8442925435100B51E46 /* ViewController.h */,
				A9E0F8452925435100B51E46 /* ViewController.m */,
				A9E0F8472925435100B51E46 /* Main.storyboard */,
				A9E0F84A2925435400B51E46 /* Assets.xcassets */,
				A9E0F84C2925435400B51E46 /* LaunchScreen.storyboard */,
				A9E0F84F2925435400B51E46 /* Info.plist */,
				A9E0F8502925435400B51E46 /* main.m */,
			);
			path = testBIT;
			sourceTree = "<group>";
		};
/* End PBXGroup section */

/* Begin PBXNativeTarget section */
		A9D574142913713D0025BAE3 /* example */ = {
			isa = PBXNativeTarget;
			buildConfigurationList = A9D574292913713F0025BAE3 /* Build configuration list for PBXNativeTarget "example" */;
			buildPhases = (
				80D77188A64B49C4503C6E80 /* [CP] Check Pods Manifest.lock */,
				A9D574112913713D0025BAE3 /* Sources */,
				A9D574122913713D0025BAE3 /* Frameworks */,
				A9D574132913713D0025BAE3 /* Resources */,
				1295F5D6FB6B4B0BFFB70A7E /* [CP] Embed Pods Frameworks */,
			);
			buildRules = (
			);
			dependencies = (
			);
			name = example;
			productName = example;
			productReference = A9D574152913713D0025BAE3 /* example.app */;
			productType = "com.apple.product-type.application";
		};
		A9E0F83B2925435000B51E46 /* testBIT */ = {
			isa = PBXNativeTarget;
			buildConfigurationList = A9E0F8542925435400B51E46 /* Build configuration list for PBXNativeTarget "testBIT" */;
			buildPhases = (
				E1FB5E3F8B5D49FE47C84003 /* [CP] Check Pods Manifest.lock */,
				A9E0F8382925435000B51E46 /* Sources */,
				A9E0F8392925435000B51E46 /* Frameworks */,
				A9E0F83A2925435000B51E46 /* Resources */,
				5F9BBB3122CF59CF0B2FE0E1 /* [CP] Embed Pods Frameworks */,
			);
			buildRules = (
			);
			dependencies = (
			);
			name = testBIT;
			productName = testBIT;
			productReference = A9E0F83C2925435000B51E46 /* testBIT.app */;
			productType = "com.apple.product-type.application";
		};
/* End PBXNativeTarget section */

/* Begin PBXProject section */
		A9D5740D2913713D0025BAE3 /* Project object */ = {
			isa = PBXProject;
			attributes = {
				BuildIndependentTargetsInParallel = 1;
				LastSwiftUpdateCheck = 1410;
				LastUpgradeCheck = 1410;
				TargetAttributes = {
					A9D574142913713D0025BAE3 = {
						CreatedOnToolsVersion = 14.1;
					};
					A9E0F83B2925435000B51E46 = {
						CreatedOnToolsVersion = 14.0.1;
					};
				};
			};
			buildConfigurationList = A9D574102913713D0025BAE3 /* Build configuration list for PBXProject "example" */;
			compatibilityVersion = "Xcode 13.0";
			developmentRegion = en;
			hasScannedForEncodings = 0;
			knownRegions = (
				en,
				Base,
			);
			mainGroup = A9D5740C2913713D0025BAE3;
			productRefGroup = A9D574162913713D0025BAE3 /* Products */;
			projectDirPath = "";
			projectRoot = "";
			targets = (
				A9D574142913713D0025BAE3 /* example */,
				A9E0F83B2925435000B51E46 /* testBIT */,
			);
		};
/* End PBXProject section */

/* Begin PBXResourcesBuildPhase section */
		A9D574132913713D0025BAE3 /* Resources */ = {
			isa = PBXResourcesBuildPhase;
			buildActionMask = 2147483647;
			files = (
				A9D574252913713F0025BAE3 /* LaunchScreen.storyboard in Resources */,
				A9D574222913713F0025BAE3 /* Assets.xcassets in Resources */,
				A9D574202913713D0025BAE3 /* Main.storyboard in Resources */,
			);
			runOnlyForDeploymentPostprocessing = 0;
		};
		A9E0F83A2925435000B51E46 /* Resources */ = {
			isa = PBXResourcesBuildPhase;
			buildActionMask = 2147483647;
			files = (
				A9E0F84E2925435400B51E46 /* LaunchScreen.storyboard in Resources */,
				A9E0F84B2925435400B51E46 /* Assets.xcassets in Resources */,
				A9E0F8492925435100B51E46 /* Main.storyboard in Resources */,
			);
			runOnlyForDeploymentPostprocessing = 0;
		};
/* End PBXResourcesBuildPhase section */

/* Begin PBXShellScriptBuildPhase section */
		1295F5D6FB6B4B0BFFB70A7E /* [CP] Embed Pods Frameworks */ = {
			isa = PBXShellScriptBuildPhase;
			buildActionMask = 2147483647;
			files = (
			);
			inputFileListPaths = (
				"${PODS_ROOT}/Target Support Files/Pods-example/Pods-example-frameworks-${CONFIGURATION}-input-files.xcfilelist",
			);
			name = "[CP] Embed Pods Frameworks";
			outputFileListPaths = (
				"${PODS_ROOT}/Target Support Files/Pods-example/Pods-example-frameworks-${CONFIGURATION}-output-files.xcfilelist",
			);
			runOnlyForDeploymentPostprocessing = 0;
			shellPath = /bin/sh;
			shellScript = "\"${PODS_ROOT}/Target Support Files/Pods-example/Pods-example-frameworks.sh\"\n";
			showEnvVarsInLog = 0;
		};
		5F9BBB3122CF59CF0B2FE0E1 /* [CP] Embed Pods Frameworks */ = {
			isa = PBXShellScriptBuildPhase;
			buildActionMask = 2147483647;
			files = (
			);
			inputFileListPaths = (
				"${PODS_ROOT}/Target Support Files/Pods-testBIT/Pods-testBIT-frameworks-${CONFIGURATION}-input-files.xcfilelist",
			);
			name = "[CP] Embed Pods Frameworks";
			outputFileListPaths = (
				"${PODS_ROOT}/Target Support Files/Pods-testBIT/Pods-testBIT-frameworks-${CONFIGURATION}-output-files.xcfilelist",
			);
			runOnlyForDeploymentPostprocessing = 0;
			shellPath = /bin/sh;
			shellScript = "\"${PODS_ROOT}/Target Support Files/Pods-testBIT/Pods-testBIT-frameworks.sh\"\n";
			showEnvVarsInLog = 0;
		};
		80D77188A64B49C4503C6E80 /* [CP] Check Pods Manifest.lock */ = {
			isa = PBXShellScriptBuildPhase;
			buildActionMask = 2147483647;
			files = (
			);
			inputFileListPaths = (
			);
			inputPaths = (
				"${PODS_PODFILE_DIR_PATH}/Podfile.lock",
				"${PODS_ROOT}/Manifest.lock",
			);
			name = "[CP] Check Pods Manifest.lock";
			outputFileListPaths = (
			);
			outputPaths = (
				"$(DERIVED_FILE_DIR)/Pods-example-checkManifestLockResult.txt",
			);
			runOnlyForDeploymentPostprocessing = 0;
			shellPath = /bin/sh;
			shellScript = "diff \"${PODS_PODFILE_DIR_PATH}/Podfile.lock\" \"${PODS_ROOT}/Manifest.lock\" > /dev/null\nif [ $? != 0 ] ; then\n    # print error to STDERR\n    echo \"error: The sandbox is not in sync with the Podfile.lock. Run 'pod install' or update your CocoaPods installation.\" >&2\n    exit 1\nfi\n# This output is used by Xcode 'outputs' to avoid re-running this script phase.\necho \"SUCCESS\" > \"${SCRIPT_OUTPUT_FILE_0}\"\n";
			showEnvVarsInLog = 0;
		};
		E1FB5E3F8B5D49FE47C84003 /* [CP] Check Pods Manifest.lock */ = {
			isa = PBXShellScriptBuildPhase;
			buildActionMask = 2147483647;
			files = (
			);
			inputFileListPaths = (
			);
			inputPaths = (
				"${PODS_PODFILE_DIR_PATH}/Podfile.lock",
				"${PODS_ROOT}/Manifest.lock",
			);
			name = "[CP] Check Pods Manifest.lock";
			outputFileListPaths = (
			);
			outputPaths = (
				"$(DERIVED_FILE_DIR)/Pods-testBIT-checkManifestLockResult.txt",
			);
			runOnlyForDeploymentPostprocessing = 0;
			shellPath = /bin/sh;
			shellScript = "diff \"${PODS_PODFILE_DIR_PATH}/Podfile.lock\" \"${PODS_ROOT}/Manifest.lock\" > /dev/null\nif [ $? != 0 ] ; then\n    # print error to STDERR\n    echo \"error: The sandbox is not in sync with the Podfile.lock. Run 'pod install' or update your CocoaPods installation.\" >&2\n    exit 1\nfi\n# This output is used by Xcode 'outputs' to avoid re-running this script phase.\necho \"SUCCESS\" > \"${SCRIPT_OUTPUT_FILE_0}\"\n";
			showEnvVarsInLog = 0;
		};
/* End PBXShellScriptBuildPhase section */

/* Begin PBXSourcesBuildPhase section */
		A9D574112913713D0025BAE3 /* Sources */ = {
			isa = PBXSourcesBuildPhase;
			buildActionMask = 2147483647;
			files = (
				A9D5741D2913713D0025BAE3 /* ViewController.swift in Sources */,
				A9D5742E291390500025BAE3 /* Sender.swift in Sources */,
				A9D574192913713D0025BAE3 /* AppDelegate.swift in Sources */,
			);
			runOnlyForDeploymentPostprocessing = 0;
		};
		A9E0F8382925435000B51E46 /* Sources */ = {
			isa = PBXSourcesBuildPhase;
			buildActionMask = 2147483647;
			files = (
				A9E0F8462925435100B51E46 /* ViewController.m in Sources */,
				A9E0F8402925435100B51E46 /* AppDelegate.m in Sources */,
				A9E0F8512925435400B51E46 /* main.m in Sources */,
			);
			runOnlyForDeploymentPostprocessing = 0;
		};
/* End PBXSourcesBuildPhase section */

/* Begin PBXVariantGroup section */
		A9D5741E2913713D0025BAE3 /* Main.storyboard */ = {
			isa = PBXVariantGroup;
			children = (
				A9D5741F2913713D0025BAE3 /* Base */,
			);
			name = Main.storyboard;
			sourceTree = "<group>";
		};
		A9D574232913713F0025BAE3 /* LaunchScreen.storyboard */ = {
			isa = PBXVariantGroup;
			children = (
				A9D574242913713F0025BAE3 /* Base */,
			);
			name = LaunchScreen.storyboard;
			sourceTree = "<group>";
		};
		A9E0F8472925435100B51E46 /* Main.storyboard */ = {
			isa = PBXVariantGroup;
			children = (
				A9E0F8482925435100B51E46 /* Base */,
			);
			name = Main.storyboard;
			sourceTree = "<group>";
		};
		A9E0F84C2925435400B51E46 /* LaunchScreen.storyboard */ = {
			isa = PBXVariantGroup;
			children = (
				A9E0F84D2925435400B51E46 /* Base */,
			);
			name = LaunchScreen.storyboard;
			sourceTree = "<group>";
		};
/* End PBXVariantGroup section */

/* Begin XCBuildConfiguration section */
		A9D574272913713F0025BAE3 /* Debug */ = {
			isa = XCBuildConfiguration;
			buildSettings = {
				ALWAYS_SEARCH_USER_PATHS = NO;
				CLANG_ANALYZER_NONNULL = YES;
				CLANG_ANALYZER_NUMBER_OBJECT_CONVERSION = YES_AGGRESSIVE;
				CLANG_CXX_LANGUAGE_STANDARD = "gnu++20";
				CLANG_ENABLE_MODULES = YES;
				CLANG_ENABLE_OBJC_ARC = YES;
				CLANG_ENABLE_OBJC_WEAK = YES;
				CLANG_WARN_BLOCK_CAPTURE_AUTORELEASING = YES;
				CLANG_WARN_BOOL_CONVERSION = YES;
				CLANG_WARN_COMMA = YES;
				CLANG_WARN_CONSTANT_CONVERSION = YES;
				CLANG_WARN_DEPRECATED_OBJC_IMPLEMENTATIONS = YES;
				CLANG_WARN_DIRECT_OBJC_ISA_USAGE = YES_ERROR;
				CLANG_WARN_DOCUMENTATION_COMMENTS = YES;
				CLANG_WARN_EMPTY_BODY = YES;
				CLANG_WARN_ENUM_CONVERSION = YES;
				CLANG_WARN_INFINITE_RECURSION = YES;
				CLANG_WARN_INT_CONVERSION = YES;
				CLANG_WARN_NON_LITERAL_NULL_CONVERSION = YES;
				CLANG_WARN_OBJC_IMPLICIT_RETAIN_SELF = YES;
				CLANG_WARN_OBJC_LITERAL_CONVERSION = YES;
				CLANG_WARN_OBJC_ROOT_CLASS = YES_ERROR;
				CLANG_WARN_QUOTED_INCLUDE_IN_FRAMEWORK_HEADER = YES;
				CLANG_WARN_RANGE_LOOP_ANALYSIS = YES;
				CLANG_WARN_STRICT_PROTOTYPES = YES;
				CLANG_WARN_SUSPICIOUS_MOVE = YES;
				CLANG_WARN_UNGUARDED_AVAILABILITY = YES_AGGRESSIVE;
				CLANG_WARN_UNREACHABLE_CODE = YES;
				CLANG_WARN__DUPLICATE_METHOD_MATCH = YES;
				COPY_PHASE_STRIP = NO;
				DEBUG_INFORMATION_FORMAT = dwarf;
				ENABLE_STRICT_OBJC_MSGSEND = YES;
				ENABLE_TESTABILITY = YES;
				GCC_C_LANGUAGE_STANDARD = gnu11;
				GCC_DYNAMIC_NO_PIC = NO;
				GCC_NO_COMMON_BLOCKS = YES;
				GCC_OPTIMIZATION_LEVEL = 0;
				GCC_PREPROCESSOR_DEFINITIONS = (
					"DEBUG=1",
					"$(inherited)",
				);
				GCC_WARN_64_TO_32_BIT_CONVERSION = YES;
				GCC_WARN_ABOUT_RETURN_TYPE = YES_ERROR;
				GCC_WARN_UNDECLARED_SELECTOR = YES;
				GCC_WARN_UNINITIALIZED_AUTOS = YES_AGGRESSIVE;
				GCC_WARN_UNUSED_FUNCTION = YES;
				GCC_WARN_UNUSED_VARIABLE = YES;
				IPHONEOS_DEPLOYMENT_TARGET = 16.1;
				MTL_ENABLE_DEBUG_INFO = INCLUDE_SOURCE;
				MTL_FAST_MATH = YES;
				ONLY_ACTIVE_ARCH = YES;
				SDKROOT = iphoneos;
				SWIFT_ACTIVE_COMPILATION_CONDITIONS = DEBUG;
				SWIFT_OPTIMIZATION_LEVEL = "-Onone";
			};
			name = Debug;
		};
		A9D574282913713F0025BAE3 /* Release */ = {
			isa = XCBuildConfiguration;
			buildSettings = {
				ALWAYS_SEARCH_USER_PATHS = NO;
				CLANG_ANALYZER_NONNULL = YES;
				CLANG_ANALYZER_NUMBER_OBJECT_CONVERSION = YES_AGGRESSIVE;
				CLANG_CXX_LANGUAGE_STANDARD = "gnu++20";
				CLANG_ENABLE_MODULES = YES;
				CLANG_ENABLE_OBJC_ARC = YES;
				CLANG_ENABLE_OBJC_WEAK = YES;
				CLANG_WARN_BLOCK_CAPTURE_AUTORELEASING = YES;
				CLANG_WARN_BOOL_CONVERSION = YES;
				CLANG_WARN_COMMA = YES;
				CLANG_WARN_CONSTANT_CONVERSION = YES;
				CLANG_WARN_DEPRECATED_OBJC_IMPLEMENTATIONS = YES;
				CLANG_WARN_DIRECT_OBJC_ISA_USAGE = YES_ERROR;
				CLANG_WARN_DOCUMENTATION_COMMENTS = YES;
				CLANG_WARN_EMPTY_BODY = YES;
				CLANG_WARN_ENUM_CONVERSION = YES;
				CLANG_WARN_INFINITE_RECURSION = YES;
				CLANG_WARN_INT_CONVERSION = YES;
				CLANG_WARN_NON_LITERAL_NULL_CONVERSION = YES;
				CLANG_WARN_OBJC_IMPLICIT_RETAIN_SELF = YES;
				CLANG_WARN_OBJC_LITERAL_CONVERSION = YES;
				CLANG_WARN_OBJC_ROOT_CLASS = YES_ERROR;
				CLANG_WARN_QUOTED_INCLUDE_IN_FRAMEWORK_HEADER = YES;
				CLANG_WARN_RANGE_LOOP_ANALYSIS = YES;
				CLANG_WARN_STRICT_PROTOTYPES = YES;
				CLANG_WARN_SUSPICIOUS_MOVE = YES;
				CLANG_WARN_UNGUARDED_AVAILABILITY = YES_AGGRESSIVE;
				CLANG_WARN_UNREACHABLE_CODE = YES;
				CLANG_WARN__DUPLICATE_METHOD_MATCH = YES;
				COPY_PHASE_STRIP = NO;
				DEBUG_INFORMATION_FORMAT = "dwarf-with-dsym";
				ENABLE_NS_ASSERTIONS = NO;
				ENABLE_STRICT_OBJC_MSGSEND = YES;
				GCC_C_LANGUAGE_STANDARD = gnu11;
				GCC_NO_COMMON_BLOCKS = YES;
				GCC_WARN_64_TO_32_BIT_CONVERSION = YES;
				GCC_WARN_ABOUT_RETURN_TYPE = YES_ERROR;
				GCC_WARN_UNDECLARED_SELECTOR = YES;
				GCC_WARN_UNINITIALIZED_AUTOS = YES_AGGRESSIVE;
				GCC_WARN_UNUSED_FUNCTION = YES;
				GCC_WARN_UNUSED_VARIABLE = YES;
				IPHONEOS_DEPLOYMENT_TARGET = 16.1;
				MTL_ENABLE_DEBUG_INFO = NO;
				MTL_FAST_MATH = YES;
				SDKROOT = iphoneos;
				SWIFT_COMPILATION_MODE = wholemodule;
				SWIFT_OPTIMIZATION_LEVEL = "-O";
				VALIDATE_PRODUCT = YES;
			};
			name = Release;
		};
		A9D5742A2913713F0025BAE3 /* Debug */ = {
			isa = XCBuildConfiguration;
			baseConfigurationReference = D3743A2FB480DB561898EDEF /* Pods-example.debug.xcconfig */;
			buildSettings = {
				ALLOW_TARGET_PLATFORM_SPECIALIZATION = YES;
				ASSETCATALOG_COMPILER_APPICON_NAME = AppIcon;
				ASSETCATALOG_COMPILER_GLOBAL_ACCENT_COLOR_NAME = AccentColor;
				CODE_SIGN_STYLE = Automatic;
				CURRENT_PROJECT_VERSION = 1;
				DEVELOPMENT_TEAM = JYCHA46QC4;
				GENERATE_INFOPLIST_FILE = YES;
				INFOPLIST_FILE = example/Info.plist;
				INFOPLIST_KEY_UIApplicationSupportsIndirectInputEvents = YES;
				INFOPLIST_KEY_UILaunchStoryboardName = LaunchScreen;
				INFOPLIST_KEY_UIMainStoryboardFile = Main;
				INFOPLIST_KEY_UISupportedInterfaceOrientations_iPad = "UIInterfaceOrientationPortrait UIInterfaceOrientationPortraitUpsideDown UIInterfaceOrientationLandscapeLeft UIInterfaceOrientationLandscapeRight";
				INFOPLIST_KEY_UISupportedInterfaceOrientations_iPhone = "UIInterfaceOrientationPortrait UIInterfaceOrientationLandscapeLeft UIInterfaceOrientationLandscapeRight";
				IPHONEOS_DEPLOYMENT_TARGET = 13.0;
				LD_RUNPATH_SEARCH_PATHS = (
					"$(inherited)",
					"@executable_path/Frameworks",
				);
				MARKETING_VERSION = 1.0;
				PRODUCT_BUNDLE_IDENTIFIER = com.francis.example;
				PRODUCT_NAME = "$(TARGET_NAME)";
				SUPPORTED_PLATFORMS = "iphoneos iphonesimulator";
				SUPPORTS_MACCATALYST = NO;
				SUPPORTS_MAC_DESIGNED_FOR_IPHONE_IPAD = YES;
				SWIFT_EMIT_LOC_STRINGS = YES;
				SWIFT_VERSION = 5.0;
				TARGETED_DEVICE_FAMILY = "1,2";
			};
			name = Debug;
		};
		A9D5742B2913713F0025BAE3 /* Release */ = {
			isa = XCBuildConfiguration;
			baseConfigurationReference = 4F80B8EC91C22BB7A16DF7F2 /* Pods-example.release.xcconfig */;
			buildSettings = {
				ALLOW_TARGET_PLATFORM_SPECIALIZATION = YES;
				ASSETCATALOG_COMPILER_APPICON_NAME = AppIcon;
				ASSETCATALOG_COMPILER_GLOBAL_ACCENT_COLOR_NAME = AccentColor;
				CODE_SIGN_STYLE = Automatic;
				CURRENT_PROJECT_VERSION = 1;
				DEVELOPMENT_TEAM = JYCHA46QC4;
				GENERATE_INFOPLIST_FILE = YES;
				INFOPLIST_FILE = example/Info.plist;
				INFOPLIST_KEY_UIApplicationSupportsIndirectInputEvents = YES;
				INFOPLIST_KEY_UILaunchStoryboardName = LaunchScreen;
				INFOPLIST_KEY_UIMainStoryboardFile = Main;
				INFOPLIST_KEY_UISupportedInterfaceOrientations_iPad = "UIInterfaceOrientationPortrait UIInterfaceOrientationPortraitUpsideDown UIInterfaceOrientationLandscapeLeft UIInterfaceOrientationLandscapeRight";
				INFOPLIST_KEY_UISupportedInterfaceOrientations_iPhone = "UIInterfaceOrientationPortrait UIInterfaceOrientationLandscapeLeft UIInterfaceOrientationLandscapeRight";
				IPHONEOS_DEPLOYMENT_TARGET = 13.0;
				LD_RUNPATH_SEARCH_PATHS = (
					"$(inherited)",
					"@executable_path/Frameworks",
				);
				MARKETING_VERSION = 1.0;
				PRODUCT_BUNDLE_IDENTIFIER = com.francis.example;
				PRODUCT_NAME = "$(TARGET_NAME)";
				SUPPORTED_PLATFORMS = "iphoneos iphonesimulator";
				SUPPORTS_MACCATALYST = NO;
				SUPPORTS_MAC_DESIGNED_FOR_IPHONE_IPAD = YES;
				SWIFT_EMIT_LOC_STRINGS = YES;
				SWIFT_VERSION = 5.0;
				TARGETED_DEVICE_FAMILY = "1,2";
			};
			name = Release;
		};
		A9E0F8522925435400B51E46 /* Debug */ = {
			isa = XCBuildConfiguration;
			baseConfigurationReference = 971C74CEF0BF2517E4D56830 /* Pods-testBIT.debug.xcconfig */;
			buildSettings = {
				ASSETCATALOG_COMPILER_APPICON_NAME = AppIcon;
				ASSETCATALOG_COMPILER_GLOBAL_ACCENT_COLOR_NAME = AccentColor;
				CODE_SIGN_STYLE = Automatic;
				CURRENT_PROJECT_VERSION = 1;
				DEVELOPMENT_TEAM = JYCHA46QC4;
				GENERATE_INFOPLIST_FILE = YES;
				INFOPLIST_FILE = testBIT/Info.plist;
				INFOPLIST_KEY_UIApplicationSupportsIndirectInputEvents = YES;
				INFOPLIST_KEY_UILaunchStoryboardName = LaunchScreen;
				INFOPLIST_KEY_UIMainStoryboardFile = Main;
				INFOPLIST_KEY_UISupportedInterfaceOrientations_iPad = "UIInterfaceOrientationPortrait UIInterfaceOrientationPortraitUpsideDown UIInterfaceOrientationLandscapeLeft UIInterfaceOrientationLandscapeRight";
				INFOPLIST_KEY_UISupportedInterfaceOrientations_iPhone = "UIInterfaceOrientationPortrait UIInterfaceOrientationLandscapeLeft UIInterfaceOrientationLandscapeRight";
				IPHONEOS_DEPLOYMENT_TARGET = 16.0;
				LD_RUNPATH_SEARCH_PATHS = (
					"$(inherited)",
					"@executable_path/Frameworks",
				);
				MARKETING_VERSION = 1.0;
				PRODUCT_BUNDLE_IDENTIFIER = com.yinhao.testBIT;
				PRODUCT_NAME = "$(TARGET_NAME)";
				SWIFT_EMIT_LOC_STRINGS = YES;
				TARGETED_DEVICE_FAMILY = "1,2";
			};
			name = Debug;
		};
		A9E0F8532925435400B51E46 /* Release */ = {
			isa = XCBuildConfiguration;
			baseConfigurationReference = 4262503BB73BCC8DD0D86BE0 /* Pods-testBIT.release.xcconfig */;
			buildSettings = {
				ASSETCATALOG_COMPILER_APPICON_NAME = AppIcon;
				ASSETCATALOG_COMPILER_GLOBAL_ACCENT_COLOR_NAME = AccentColor;
				CODE_SIGN_STYLE = Automatic;
				CURRENT_PROJECT_VERSION = 1;
				DEVELOPMENT_TEAM = JYCHA46QC4;
				GENERATE_INFOPLIST_FILE = YES;
				INFOPLIST_FILE = testBIT/Info.plist;
				INFOPLIST_KEY_UIApplicationSupportsIndirectInputEvents = YES;
				INFOPLIST_KEY_UILaunchStoryboardName = LaunchScreen;
				INFOPLIST_KEY_UIMainStoryboardFile = Main;
				INFOPLIST_KEY_UISupportedInterfaceOrientations_iPad = "UIInterfaceOrientationPortrait UIInterfaceOrientationPortraitUpsideDown UIInterfaceOrientationLandscapeLeft UIInterfaceOrientationLandscapeRight";
				INFOPLIST_KEY_UISupportedInterfaceOrientations_iPhone = "UIInterfaceOrientationPortrait UIInterfaceOrientationLandscapeLeft UIInterfaceOrientationLandscapeRight";
				IPHONEOS_DEPLOYMENT_TARGET = 16.0;
				LD_RUNPATH_SEARCH_PATHS = (
					"$(inherited)",
					"@executable_path/Frameworks",
				);
				MARKETING_VERSION = 1.0;
				PRODUCT_BUNDLE_IDENTIFIER = com.yinhao.testBIT;
				PRODUCT_NAME = "$(TARGET_NAME)";
				SWIFT_EMIT_LOC_STRINGS = YES;
				TARGETED_DEVICE_FAMILY = "1,2";
			};
			name = Release;
		};
/* End XCBuildConfiguration section */

/* Begin XCConfigurationList section */
		A9D574102913713D0025BAE3 /* Build configuration list for PBXProject "example" */ = {
			isa = XCConfigurationList;
			buildConfigurations = (
				A9D574272913713F0025BAE3 /* Debug */,
				A9D574282913713F0025BAE3 /* Release */,
			);
			defaultConfigurationIsVisible = 0;
			defaultConfigurationName = Release;
		};
		A9D574292913713F0025BAE3 /* Build configuration list for PBXNativeTarget "example" */ = {
			isa = XCConfigurationList;
			buildConfigurations = (
				A9D5742A2913713F0025BAE3 /* Debug */,
				A9D5742B2913713F0025BAE3 /* Release */,
			);
			defaultConfigurationIsVisible = 0;
			defaultConfigurationName = Release;
		};
		A9E0F8542925435400B51E46 /* Build configuration list for PBXNativeTarget "testBIT" */ = {
			isa = XCConfigurationList;
			buildConfigurations = (
				A9E0F8522925435400B51E46 /* Debug */,
				A9E0F8532925435400B51E46 /* Release */,
			);
			defaultConfigurationIsVisible = 0;
			defaultConfigurationName = Release;
		};
/* End XCConfigurationList section */
	};
	rootObject = A9D5740D2913713D0025BAE3 /* Project object */;
}
