// !$*UTF8*$!
{
	archiveVersion = 1;
	classes = {
	};
	objectVersion = 55;
	objects = {

/* Begin PBXBuildFile section */
		A922C3EE2876CFC800FB05E7 /* LayoutItem.swift in Sources */ = {isa = PBXBuildFile; fileRef = A922C3ED2876CFC800FB05E7 /* LayoutItem.swift */; };
		A95BCB732824C491000982D0 /* AppDelegate.swift in Sources */ = {isa = PBXBuildFile; fileRef = A95BCB722824C491000982D0 /* AppDelegate.swift */; };
		A95BCB752824C491000982D0 /* SceneDelegate.swift in Sources */ = {isa = PBXBuildFile; fileRef = A95BCB742824C491000982D0 /* SceneDelegate.swift */; };
		A95BCB772824C491000982D0 /* ViewController.swift in Sources */ = {isa = PBXBuildFile; fileRef = A95BCB762824C491000982D0 /* ViewController.swift */; };
		A95BCB7A2824C491000982D0 /* Main.storyboard in Resources */ = {isa = PBXBuildFile; fileRef = A95BCB782824C491000982D0 /* Main.storyboard */; };
		A95BCB7C2824C493000982D0 /* Assets.xcassets in Resources */ = {isa = PBXBuildFile; fileRef = A95BCB7B2824C493000982D0 /* Assets.xcassets */; };
		A95BCB7F2824C493000982D0 /* LaunchScreen.storyboard in Resources */ = {isa = PBXBuildFile; fileRef = A95BCB7D2824C493000982D0 /* LaunchScreen.storyboard */; };
		A95BCB852824C49F000982D0 /* Ammo.framework in Frameworks */ = {isa = PBXBuildFile; fileRef = A9FB7976281A68B0008CCF39 /* Ammo.framework */; };
		A95BCB862824C49F000982D0 /* Ammo.framework in Embed Frameworks */ = {isa = PBXBuildFile; fileRef = A9FB7976281A68B0008CCF39 /* Ammo.framework */; settings = {ATTRIBUTES = (CodeSignOnCopy, RemoveHeadersOnCopy, ); }; };
		A95BCB8B2824C4F3000982D0 /* Settings.bundle in Resources */ = {isa = PBXBuildFile; fileRef = A95BCB8A2824C4F3000982D0 /* Settings.bundle */; };
		A95BCB97282507D8000982D0 /* TextDetect.framework in Frameworks */ = {isa = PBXBuildFile; fileRef = A95BCB91282507D8000982D0 /* TextDetect.framework */; };
		A95BCB98282507D8000982D0 /* TextDetect.framework in Embed Frameworks */ = {isa = PBXBuildFile; fileRef = A95BCB91282507D8000982D0 /* TextDetect.framework */; settings = {ATTRIBUTES = (CodeSignOnCopy, RemoveHeadersOnCopy, ); }; };
		A95BCB9D28250846000982D0 /* TextDetect.swift in Sources */ = {isa = PBXBuildFile; fileRef = A95BCB9C28250846000982D0 /* TextDetect.swift */; };
		A95E514C2848BFB100BA7028 /* Download.swift in Sources */ = {isa = PBXBuildFile; fileRef = A95E514B2848BFB100BA7028 /* Download.swift */; };
		A967E03A28539C22005CF3AC /* Zip.swift in Sources */ = {isa = PBXBuildFile; fileRef = A967E03928539C22005CF3AC /* Zip.swift */; };
		A976238F2869A5B600BAC1FC /* Pretty.swift in Sources */ = {isa = PBXBuildFile; fileRef = A976238E2869A5B600BAC1FC /* Pretty.swift */; };
		A97623912869AEC100BAC1FC /* data.json in Resources */ = {isa = PBXBuildFile; fileRef = A97623902869AEC100BAC1FC /* data.json */; };
		A9A3FBA8283F11BF003582F2 /* DataBaseUpdate.swift in Sources */ = {isa = PBXBuildFile; fileRef = A9A3FBA7283F11BF003582F2 /* DataBaseUpdate.swift */; };
		A9CD687E28425CC000ABD882 /* DataBaseConcurrency.swift in Sources */ = {isa = PBXBuildFile; fileRef = A9CD687D28425CC000ABD882 /* DataBaseConcurrency.swift */; };
		A9FB7989281A6942008CCF39 /* DataBaseBackUp.swift in Sources */ = {isa = PBXBuildFile; fileRef = A9FB7983281A6942008CCF39 /* DataBaseBackUp.swift */; };
		A9FB798A281A6942008CCF39 /* DataBaseFetch.swift in Sources */ = {isa = PBXBuildFile; fileRef = A9FB7984281A6942008CCF39 /* DataBaseFetch.swift */; };
		A9FB798B281A6942008CCF39 /* DataBaseWorkFlow.swift in Sources */ = {isa = PBXBuildFile; fileRef = A9FB7985281A6942008CCF39 /* DataBaseWorkFlow.swift */; };
		A9FB798C281A6942008CCF39 /* DataBaseModel.swift in Sources */ = {isa = PBXBuildFile; fileRef = A9FB7986281A6942008CCF39 /* DataBaseModel.swift */; };
		A9FB798D281A6942008CCF39 /* DataBaseJSON.swift in Sources */ = {isa = PBXBuildFile; fileRef = A9FB7987281A6942008CCF39 /* DataBaseJSON.swift */; };
		A9FB798E281A6942008CCF39 /* DataBase.swift in Sources */ = {isa = PBXBuildFile; fileRef = A9FB7988281A6942008CCF39 /* DataBase.swift */; };
		A9FB79A4281A69CA008CCF39 /* AmmoTests.swift in Sources */ = {isa = PBXBuildFile; fileRef = A9FB79A3281A69CA008CCF39 /* AmmoTests.swift */; };
		A9FB79A5281A69CA008CCF39 /* Ammo.framework in Frameworks */ = {isa = PBXBuildFile; fileRef = A9FB7976281A68B0008CCF39 /* Ammo.framework */; };
		A9FB79AC281A6A0A008CCF39 /* DatabaseTest.swift in Sources */ = {isa = PBXBuildFile; fileRef = A9FB79AB281A6A0A008CCF39 /* DatabaseTest.swift */; };
		A9FF619728411027006637DC /* Context.swift in Sources */ = {isa = PBXBuildFile; fileRef = A9FF619628411027006637DC /* Context.swift */; };
/* End PBXBuildFile section */

/* Begin PBXContainerItemProxy section */
		A95BCB872824C49F000982D0 /* PBXContainerItemProxy */ = {
			isa = PBXContainerItemProxy;
			containerPortal = A9FB796D281A68B0008CCF39 /* Project object */;
			proxyType = 1;
			remoteGlobalIDString = A9FB7975281A68B0008CCF39;
			remoteInfo = Ammo;
		};
		A95BCB95282507D8000982D0 /* PBXContainerItemProxy */ = {
			isa = PBXContainerItemProxy;
			containerPortal = A9FB796D281A68B0008CCF39 /* Project object */;
			proxyType = 1;
			remoteGlobalIDString = A95BCB90282507D8000982D0;
			remoteInfo = TextDetect;
		};
		A9FB79A6281A69CA008CCF39 /* PBXContainerItemProxy */ = {
			isa = PBXContainerItemProxy;
			containerPortal = A9FB796D281A68B0008CCF39 /* Project object */;
			proxyType = 1;
			remoteGlobalIDString = A9FB7975281A68B0008CCF39;
			remoteInfo = Ammo;
		};
		A9FF618828328CA6006637DC /* PBXContainerItemProxy */ = {
			isa = PBXContainerItemProxy;
			containerPortal = A9FB796D281A68B0008CCF39 /* Project object */;
			proxyType = 1;
			remoteGlobalIDString = A95BCB6F2824C491000982D0;
			remoteInfo = Data;
		};
/* End PBXContainerItemProxy section */

/* Begin PBXCopyFilesBuildPhase section */
		A95BCB892824C49F000982D0 /* Embed Frameworks */ = {
			isa = PBXCopyFilesBuildPhase;
			buildActionMask = 2147483647;
			dstPath = "";
			dstSubfolderSpec = 10;
			files = (
				A95BCB98282507D8000982D0 /* TextDetect.framework in Embed Frameworks */,
				A95BCB862824C49F000982D0 /* Ammo.framework in Embed Frameworks */,
			);
			name = "Embed Frameworks";
			runOnlyForDeploymentPostprocessing = 0;
		};
/* End PBXCopyFilesBuildPhase section */

/* Begin PBXFileReference section */
		A922C3ED2876CFC800FB05E7 /* LayoutItem.swift */ = {isa = PBXFileReference; lastKnownFileType = sourcecode.swift; path = LayoutItem.swift; sourceTree = "<group>"; };
		A95BCB702824C491000982D0 /* Data.app */ = {isa = PBXFileReference; explicitFileType = wrapper.application; includeInIndex = 0; path = Data.app; sourceTree = BUILT_PRODUCTS_DIR; };
		A95BCB722824C491000982D0 /* AppDelegate.swift */ = {isa = PBXFileReference; lastKnownFileType = sourcecode.swift; path = AppDelegate.swift; sourceTree = "<group>"; };
		A95BCB742824C491000982D0 /* SceneDelegate.swift */ = {isa = PBXFileReference; lastKnownFileType = sourcecode.swift; path = SceneDelegate.swift; sourceTree = "<group>"; };
		A95BCB762824C491000982D0 /* ViewController.swift */ = {isa = PBXFileReference; lastKnownFileType = sourcecode.swift; path = ViewController.swift; sourceTree = "<group>"; };
		A95BCB792824C491000982D0 /* Base */ = {isa = PBXFileReference; lastKnownFileType = file.storyboard; name = Base; path = Base.lproj/Main.storyboard; sourceTree = "<group>"; };
		A95BCB7B2824C493000982D0 /* Assets.xcassets */ = {isa = PBXFileReference; lastKnownFileType = folder.assetcatalog; path = Assets.xcassets; sourceTree = "<group>"; };
		A95BCB7E2824C493000982D0 /* Base */ = {isa = PBXFileReference; lastKnownFileType = file.storyboard; name = Base; path = Base.lproj/LaunchScreen.storyboard; sourceTree = "<group>"; };
		A95BCB802824C493000982D0 /* Info.plist */ = {isa = PBXFileReference; lastKnownFileType = text.plist.xml; path = Info.plist; sourceTree = "<group>"; };
		A95BCB8A2824C4F3000982D0 /* Settings.bundle */ = {isa = PBXFileReference; lastKnownFileType = "wrapper.plug-in"; path = Settings.bundle; sourceTree = "<group>"; };
		A95BCB91282507D8000982D0 /* TextDetect.framework */ = {isa = PBXFileReference; explicitFileType = wrapper.framework; includeInIndex = 0; path = TextDetect.framework; sourceTree = BUILT_PRODUCTS_DIR; };
		A95BCB9C28250846000982D0 /* TextDetect.swift */ = {isa = PBXFileReference; lastKnownFileType = sourcecode.swift; path = TextDetect.swift; sourceTree = "<group>"; };
		A95E514B2848BFB100BA7028 /* Download.swift */ = {isa = PBXFileReference; lastKnownFileType = sourcecode.swift; path = Download.swift; sourceTree = "<group>"; };
		A967E03928539C22005CF3AC /* Zip.swift */ = {isa = PBXFileReference; lastKnownFileType = sourcecode.swift; path = Zip.swift; sourceTree = "<group>"; };
		A976238E2869A5B600BAC1FC /* Pretty.swift */ = {isa = PBXFileReference; lastKnownFileType = sourcecode.swift; path = Pretty.swift; sourceTree = "<group>"; };
		A97623902869AEC100BAC1FC /* data.json */ = {isa = PBXFileReference; lastKnownFileType = text.json; path = data.json; sourceTree = "<group>"; };
		A9A3FBA7283F11BF003582F2 /* DataBaseUpdate.swift */ = {isa = PBXFileReference; lastKnownFileType = sourcecode.swift; path = DataBaseUpdate.swift; sourceTree = "<group>"; };
		A9CD687D28425CC000ABD882 /* DataBaseConcurrency.swift */ = {isa = PBXFileReference; lastKnownFileType = sourcecode.swift; path = DataBaseConcurrency.swift; sourceTree = "<group>"; };
		A9FB7976281A68B0008CCF39 /* Ammo.framework */ = {isa = PBXFileReference; explicitFileType = wrapper.framework; includeInIndex = 0; path = Ammo.framework; sourceTree = BUILT_PRODUCTS_DIR; };
		A9FB7983281A6942008CCF39 /* DataBaseBackUp.swift */ = {isa = PBXFileReference; fileEncoding = 4; lastKnownFileType = sourcecode.swift; path = DataBaseBackUp.swift; sourceTree = "<group>"; };
		A9FB7984281A6942008CCF39 /* DataBaseFetch.swift */ = {isa = PBXFileReference; fileEncoding = 4; lastKnownFileType = sourcecode.swift; path = DataBaseFetch.swift; sourceTree = "<group>"; };
		A9FB7985281A6942008CCF39 /* DataBaseWorkFlow.swift */ = {isa = PBXFileReference; fileEncoding = 4; lastKnownFileType = sourcecode.swift; path = DataBaseWorkFlow.swift; sourceTree = "<group>"; };
		A9FB7986281A6942008CCF39 /* DataBaseModel.swift */ = {isa = PBXFileReference; fileEncoding = 4; lastKnownFileType = sourcecode.swift; path = DataBaseModel.swift; sourceTree = "<group>"; };
		A9FB7987281A6942008CCF39 /* DataBaseJSON.swift */ = {isa = PBXFileReference; fileEncoding = 4; lastKnownFileType = sourcecode.swift; path = DataBaseJSON.swift; sourceTree = "<group>"; };
		A9FB7988281A6942008CCF39 /* DataBase.swift */ = {isa = PBXFileReference; fileEncoding = 4; lastKnownFileType = sourcecode.swift; path = DataBase.swift; sourceTree = "<group>"; };
		A9FB79A1281A69CA008CCF39 /* AmmoTests.xctest */ = {isa = PBXFileReference; explicitFileType = wrapper.cfbundle; includeInIndex = 0; path = AmmoTests.xctest; sourceTree = BUILT_PRODUCTS_DIR; };
		A9FB79A3281A69CA008CCF39 /* AmmoTests.swift */ = {isa = PBXFileReference; lastKnownFileType = sourcecode.swift; path = AmmoTests.swift; sourceTree = "<group>"; };
		A9FB79AB281A6A0A008CCF39 /* DatabaseTest.swift */ = {isa = PBXFileReference; fileEncoding = 4; lastKnownFileType = sourcecode.swift; path = DatabaseTest.swift; sourceTree = "<group>"; };
		A9FF619628411027006637DC /* Context.swift */ = {isa = PBXFileReference; lastKnownFileType = sourcecode.swift; path = Context.swift; sourceTree = "<group>"; };
/* End PBXFileReference section */

/* Begin PBXFrameworksBuildPhase section */
		A95BCB6D2824C491000982D0 /* Frameworks */ = {
			isa = PBXFrameworksBuildPhase;
			buildActionMask = 2147483647;
			files = (
				A95BCB97282507D8000982D0 /* TextDetect.framework in Frameworks */,
				A95BCB852824C49F000982D0 /* Ammo.framework in Frameworks */,
			);
			runOnlyForDeploymentPostprocessing = 0;
		};
		A95BCB8E282507D8000982D0 /* Frameworks */ = {
			isa = PBXFrameworksBuildPhase;
			buildActionMask = 2147483647;
			files = (
			);
			runOnlyForDeploymentPostprocessing = 0;
		};
		A9FB7973281A68B0008CCF39 /* Frameworks */ = {
			isa = PBXFrameworksBuildPhase;
			buildActionMask = 2147483647;
			files = (
			);
			runOnlyForDeploymentPostprocessing = 0;
		};
		A9FB799E281A69CA008CCF39 /* Frameworks */ = {
			isa = PBXFrameworksBuildPhase;
			buildActionMask = 2147483647;
			files = (
				A9FB79A5281A69CA008CCF39 /* Ammo.framework in Frameworks */,
			);
			runOnlyForDeploymentPostprocessing = 0;
		};
/* End PBXFrameworksBuildPhase section */

/* Begin PBXGroup section */
		A95BCB712824C491000982D0 /* Data */ = {
			isa = PBXGroup;
			children = (
				A95BCB722824C491000982D0 /* AppDelegate.swift */,
				A95BCB742824C491000982D0 /* SceneDelegate.swift */,
				A95BCB762824C491000982D0 /* ViewController.swift */,
				A95BCB782824C491000982D0 /* Main.storyboard */,
				A95BCB7B2824C493000982D0 /* Assets.xcassets */,
				A95BCB7D2824C493000982D0 /* LaunchScreen.storyboard */,
				A95BCB802824C493000982D0 /* Info.plist */,
				A95BCB8A2824C4F3000982D0 /* Settings.bundle */,
				A97623902869AEC100BAC1FC /* data.json */,
			);
			path = Data;
			sourceTree = "<group>";
		};
		A95BCB842824C49F000982D0 /* Frameworks */ = {
			isa = PBXGroup;
			children = (
			);
			name = Frameworks;
			sourceTree = "<group>";
		};
		A95BCB92282507D8000982D0 /* TextDetect */ = {
			isa = PBXGroup;
			children = (
				A95BCB9C28250846000982D0 /* TextDetect.swift */,
			);
			path = TextDetect;
			sourceTree = "<group>";
		};
		A95E514A2848BF7B00BA7028 /* Web */ = {
			isa = PBXGroup;
			children = (
				A95E514B2848BFB100BA7028 /* Download.swift */,
			);
			path = Web;
			sourceTree = "<group>";
		};
		A967E03828539C03005CF3AC /* Z */ = {
			isa = PBXGroup;
			children = (
				A967E03928539C22005CF3AC /* Zip.swift */,
			);
			path = Z;
			sourceTree = "<group>";
		};
		A9FB796C281A68B0008CCF39 = {
			isa = PBXGroup;
			children = (
				A9FB7978281A68B0008CCF39 /* Ammo */,
				A9FB79A2281A69CA008CCF39 /* AmmoTests */,
				A95BCB712824C491000982D0 /* Data */,
				A95BCB92282507D8000982D0 /* TextDetect */,
				A9FB7977281A68B0008CCF39 /* Products */,
				A95BCB842824C49F000982D0 /* Frameworks */,
			);
			sourceTree = "<group>";
		};
		A9FB7977281A68B0008CCF39 /* Products */ = {
			isa = PBXGroup;
			children = (
				A9FB7976281A68B0008CCF39 /* Ammo.framework */,
				A9FB79A1281A69CA008CCF39 /* AmmoTests.xctest */,
				A95BCB702824C491000982D0 /* Data.app */,
				A95BCB91282507D8000982D0 /* TextDetect.framework */,
			);
			name = Products;
			sourceTree = "<group>";
		};
		A9FB7978281A68B0008CCF39 /* Ammo */ = {
			isa = PBXGroup;
			children = (
				A967E03828539C03005CF3AC /* Z */,
				A95E514A2848BF7B00BA7028 /* Web */,
				A9FF619328410684006637DC /* View */,
				A9FB7982281A6942008CCF39 /* DataBase */,
			);
			path = Ammo;
			sourceTree = "<group>";
		};
		A9FB7982281A6942008CCF39 /* DataBase */ = {
			isa = PBXGroup;
			children = (
				A9FB7983281A6942008CCF39 /* DataBaseBackUp.swift */,
				A9FB7984281A6942008CCF39 /* DataBaseFetch.swift */,
				A9FB7985281A6942008CCF39 /* DataBaseWorkFlow.swift */,
				A9CD687D28425CC000ABD882 /* DataBaseConcurrency.swift */,
				A9A3FBA7283F11BF003582F2 /* DataBaseUpdate.swift */,
				A9FB7986281A6942008CCF39 /* DataBaseModel.swift */,
				A9FB7987281A6942008CCF39 /* DataBaseJSON.swift */,
				A9FB7988281A6942008CCF39 /* DataBase.swift */,
			);
			path = DataBase;
			sourceTree = "<group>";
		};
		A9FB79A2281A69CA008CCF39 /* AmmoTests */ = {
			isa = PBXGroup;
			children = (
				A9FB79AB281A6A0A008CCF39 /* DatabaseTest.swift */,
				A9FB79A3281A69CA008CCF39 /* AmmoTests.swift */,
			);
			path = AmmoTests;
			sourceTree = "<group>";
		};
		A9FF619328410684006637DC /* View */ = {
			isa = PBXGroup;
			children = (
				A9FF619628411027006637DC /* Context.swift */,
				A976238E2869A5B600BAC1FC /* Pretty.swift */,
				A922C3ED2876CFC800FB05E7 /* LayoutItem.swift */,
			);
			path = View;
			sourceTree = "<group>";
		};
/* End PBXGroup section */

/* Begin PBXHeadersBuildPhase section */
		A95BCB8C282507D8000982D0 /* Headers */ = {
			isa = PBXHeadersBuildPhase;
			buildActionMask = 2147483647;
			files = (
			);
			runOnlyForDeploymentPostprocessing = 0;
		};
		A9FB7971281A68B0008CCF39 /* Headers */ = {
			isa = PBXHeadersBuildPhase;
			buildActionMask = 2147483647;
			files = (
			);
			runOnlyForDeploymentPostprocessing = 0;
		};
/* End PBXHeadersBuildPhase section */

/* Begin PBXNativeTarget section */
		A95BCB6F2824C491000982D0 /* Data */ = {
			isa = PBXNativeTarget;
			buildConfigurationList = A95BCB832824C493000982D0 /* Build configuration list for PBXNativeTarget "Data" */;
			buildPhases = (
				A95BCB6C2824C491000982D0 /* Sources */,
				A95BCB6D2824C491000982D0 /* Frameworks */,
				A95BCB6E2824C491000982D0 /* Resources */,
				A95BCB892824C49F000982D0 /* Embed Frameworks */,
			);
			buildRules = (
			);
			dependencies = (
				A95BCB882824C49F000982D0 /* PBXTargetDependency */,
				A95BCB96282507D8000982D0 /* PBXTargetDependency */,
			);
			name = Data;
			productName = Data;
			productReference = A95BCB702824C491000982D0 /* Data.app */;
			productType = "com.apple.product-type.application";
		};
		A95BCB90282507D8000982D0 /* TextDetect */ = {
			isa = PBXNativeTarget;
			buildConfigurationList = A95BCB99282507D8000982D0 /* Build configuration list for PBXNativeTarget "TextDetect" */;
			buildPhases = (
				A95BCB8C282507D8000982D0 /* Headers */,
				A95BCB8D282507D8000982D0 /* Sources */,
				A95BCB8E282507D8000982D0 /* Frameworks */,
				A95BCB8F282507D8000982D0 /* Resources */,
			);
			buildRules = (
			);
			dependencies = (
			);
			name = TextDetect;
			productName = TextDetect;
			productReference = A95BCB91282507D8000982D0 /* TextDetect.framework */;
			productType = "com.apple.product-type.framework";
		};
		A9FB7975281A68B0008CCF39 /* Ammo */ = {
			isa = PBXNativeTarget;
			buildConfigurationList = A9FB797D281A68B0008CCF39 /* Build configuration list for PBXNativeTarget "Ammo" */;
			buildPhases = (
				A9FB7971281A68B0008CCF39 /* Headers */,
				A9FB7972281A68B0008CCF39 /* Sources */,
				A9FB7973281A68B0008CCF39 /* Frameworks */,
				A9FB7974281A68B0008CCF39 /* Resources */,
			);
			buildRules = (
			);
			dependencies = (
			);
			name = Ammo;
			productName = Ammo;
			productReference = A9FB7976281A68B0008CCF39 /* Ammo.framework */;
			productType = "com.apple.product-type.framework";
		};
		A9FB79A0281A69CA008CCF39 /* AmmoTests */ = {
			isa = PBXNativeTarget;
			buildConfigurationList = A9FB79A8281A69CA008CCF39 /* Build configuration list for PBXNativeTarget "AmmoTests" */;
			buildPhases = (
				A9FB799D281A69CA008CCF39 /* Sources */,
				A9FB799E281A69CA008CCF39 /* Frameworks */,
				A9FB799F281A69CA008CCF39 /* Resources */,
			);
			buildRules = (
			);
			dependencies = (
				A9FB79A7281A69CA008CCF39 /* PBXTargetDependency */,
				A9FF618928328CA6006637DC /* PBXTargetDependency */,
			);
			name = AmmoTests;
			productName = AmmoTests;
			productReference = A9FB79A1281A69CA008CCF39 /* AmmoTests.xctest */;
			productType = "com.apple.product-type.bundle.unit-test";
		};
/* End PBXNativeTarget section */

/* Begin PBXProject section */
		A9FB796D281A68B0008CCF39 /* Project object */ = {
			isa = PBXProject;
			attributes = {
				BuildIndependentTargetsInParallel = 1;
				LastSwiftUpdateCheck = 1330;
				LastUpgradeCheck = 1330;
				TargetAttributes = {
					A95BCB6F2824C491000982D0 = {
						CreatedOnToolsVersion = 13.3.1;
					};
					A95BCB90282507D8000982D0 = {
						CreatedOnToolsVersion = 13.3.1;
						LastSwiftMigration = 1330;
					};
					A9FB7975281A68B0008CCF39 = {
						CreatedOnToolsVersion = 13.3.1;
					};
					A9FB79A0281A69CA008CCF39 = {
						CreatedOnToolsVersion = 13.3.1;
						TestTargetID = A95BCB6F2824C491000982D0;
					};
				};
			};
			buildConfigurationList = A9FB7970281A68B0008CCF39 /* Build configuration list for PBXProject "Ammo" */;
			compatibilityVersion = "Xcode 13.0";
			developmentRegion = en;
			hasScannedForEncodings = 0;
			knownRegions = (
				en,
				Base,
			);
			mainGroup = A9FB796C281A68B0008CCF39;
			productRefGroup = A9FB7977281A68B0008CCF39 /* Products */;
			projectDirPath = "";
			projectRoot = "";
			targets = (
				A9FB7975281A68B0008CCF39 /* Ammo */,
				A9FB79A0281A69CA008CCF39 /* AmmoTests */,
				A95BCB6F2824C491000982D0 /* Data */,
				A95BCB90282507D8000982D0 /* TextDetect */,
			);
		};
/* End PBXProject section */

/* Begin PBXResourcesBuildPhase section */
		A95BCB6E2824C491000982D0 /* Resources */ = {
			isa = PBXResourcesBuildPhase;
			buildActionMask = 2147483647;
			files = (
				A95BCB8B2824C4F3000982D0 /* Settings.bundle in Resources */,
				A95BCB7F2824C493000982D0 /* LaunchScreen.storyboard in Resources */,
				A95BCB7C2824C493000982D0 /* Assets.xcassets in Resources */,
				A97623912869AEC100BAC1FC /* data.json in Resources */,
				A95BCB7A2824C491000982D0 /* Main.storyboard in Resources */,
			);
			runOnlyForDeploymentPostprocessing = 0;
		};
		A95BCB8F282507D8000982D0 /* Resources */ = {
			isa = PBXResourcesBuildPhase;
			buildActionMask = 2147483647;
			files = (
			);
			runOnlyForDeploymentPostprocessing = 0;
		};
		A9FB7974281A68B0008CCF39 /* Resources */ = {
			isa = PBXResourcesBuildPhase;
			buildActionMask = 2147483647;
			files = (
			);
			runOnlyForDeploymentPostprocessing = 0;
		};
		A9FB799F281A69CA008CCF39 /* Resources */ = {
			isa = PBXResourcesBuildPhase;
			buildActionMask = 2147483647;
			files = (
			);
			runOnlyForDeploymentPostprocessing = 0;
		};
/* End PBXResourcesBuildPhase section */

/* Begin PBXSourcesBuildPhase section */
		A95BCB6C2824C491000982D0 /* Sources */ = {
			isa = PBXSourcesBuildPhase;
			buildActionMask = 2147483647;
			files = (
				A95BCB772824C491000982D0 /* ViewController.swift in Sources */,
				A95BCB732824C491000982D0 /* AppDelegate.swift in Sources */,
				A95BCB752824C491000982D0 /* SceneDelegate.swift in Sources */,
			);
			runOnlyForDeploymentPostprocessing = 0;
		};
		A95BCB8D282507D8000982D0 /* Sources */ = {
			isa = PBXSourcesBuildPhase;
			buildActionMask = 2147483647;
			files = (
				A95BCB9D28250846000982D0 /* TextDetect.swift in Sources */,
			);
			runOnlyForDeploymentPostprocessing = 0;
		};
		A9FB7972281A68B0008CCF39 /* Sources */ = {
			isa = PBXSourcesBuildPhase;
			buildActionMask = 2147483647;
			files = (
				A922C3EE2876CFC800FB05E7 /* LayoutItem.swift in Sources */,
				A9FB798D281A6942008CCF39 /* DataBaseJSON.swift in Sources */,
				A9A3FBA8283F11BF003582F2 /* DataBaseUpdate.swift in Sources */,
				A9FB798C281A6942008CCF39 /* DataBaseModel.swift in Sources */,
				A9FB7989281A6942008CCF39 /* DataBaseBackUp.swift in Sources */,
				A967E03A28539C22005CF3AC /* Zip.swift in Sources */,
				A976238F2869A5B600BAC1FC /* Pretty.swift in Sources */,
				A9FB798B281A6942008CCF39 /* DataBaseWorkFlow.swift in Sources */,
				A9CD687E28425CC000ABD882 /* DataBaseConcurrency.swift in Sources */,
				A9FF619728411027006637DC /* Context.swift in Sources */,
				A9FB798E281A6942008CCF39 /* DataBase.swift in Sources */,
				A9FB798A281A6942008CCF39 /* DataBaseFetch.swift in Sources */,
				A95E514C2848BFB100BA7028 /* Download.swift in Sources */,
			);
			runOnlyForDeploymentPostprocessing = 0;
		};
		A9FB799D281A69CA008CCF39 /* Sources */ = {
			isa = PBXSourcesBuildPhase;
			buildActionMask = 2147483647;
			files = (
				A9FB79AC281A6A0A008CCF39 /* DatabaseTest.swift in Sources */,
				A9FB79A4281A69CA008CCF39 /* AmmoTests.swift in Sources */,
			);
			runOnlyForDeploymentPostprocessing = 0;
		};
/* End PBXSourcesBuildPhase section */

/* Begin PBXTargetDependency section */
		A95BCB882824C49F000982D0 /* PBXTargetDependency */ = {
			isa = PBXTargetDependency;
			target = A9FB7975281A68B0008CCF39 /* Ammo */;
			targetProxy = A95BCB872824C49F000982D0 /* PBXContainerItemProxy */;
		};
		A95BCB96282507D8000982D0 /* PBXTargetDependency */ = {
			isa = PBXTargetDependency;
			target = A95BCB90282507D8000982D0 /* TextDetect */;
			targetProxy = A95BCB95282507D8000982D0 /* PBXContainerItemProxy */;
		};
		A9FB79A7281A69CA008CCF39 /* PBXTargetDependency */ = {
			isa = PBXTargetDependency;
			target = A9FB7975281A68B0008CCF39 /* Ammo */;
			targetProxy = A9FB79A6281A69CA008CCF39 /* PBXContainerItemProxy */;
		};
		A9FF618928328CA6006637DC /* PBXTargetDependency */ = {
			isa = PBXTargetDependency;
			target = A95BCB6F2824C491000982D0 /* Data */;
			targetProxy = A9FF618828328CA6006637DC /* PBXContainerItemProxy */;
		};
/* End PBXTargetDependency section */

/* Begin PBXVariantGroup section */
		A95BCB782824C491000982D0 /* Main.storyboard */ = {
			isa = PBXVariantGroup;
			children = (
				A95BCB792824C491000982D0 /* Base */,
			);
			name = Main.storyboard;
			sourceTree = "<group>";
		};
		A95BCB7D2824C493000982D0 /* LaunchScreen.storyboard */ = {
			isa = PBXVariantGroup;
			children = (
				A95BCB7E2824C493000982D0 /* Base */,
			);
			name = LaunchScreen.storyboard;
			sourceTree = "<group>";
		};
/* End PBXVariantGroup section */

/* Begin XCBuildConfiguration section */
		A95BCB812824C493000982D0 /* Debug */ = {
			isa = XCBuildConfiguration;
			buildSettings = {
				ALWAYS_EMBED_SWIFT_STANDARD_LIBRARIES = YES;
				ASSETCATALOG_COMPILER_APPICON_NAME = AppIcon;
				ASSETCATALOG_COMPILER_GLOBAL_ACCENT_COLOR_NAME = AccentColor;
				CODE_SIGN_STYLE = Automatic;
				CURRENT_PROJECT_VERSION = 1;
				DEVELOPMENT_TEAM = JYCHA46QC4;
				GENERATE_INFOPLIST_FILE = YES;
				INFOPLIST_FILE = Data/Info.plist;
				INFOPLIST_KEY_UIApplicationSupportsIndirectInputEvents = YES;
				INFOPLIST_KEY_UILaunchStoryboardName = LaunchScreen;
				INFOPLIST_KEY_UIMainStoryboardFile = Main;
				INFOPLIST_KEY_UISupportedInterfaceOrientations_iPad = "UIInterfaceOrientationPortrait UIInterfaceOrientationPortraitUpsideDown UIInterfaceOrientationLandscapeLeft UIInterfaceOrientationLandscapeRight";
				INFOPLIST_KEY_UISupportedInterfaceOrientations_iPhone = "UIInterfaceOrientationPortrait UIInterfaceOrientationLandscapeLeft UIInterfaceOrientationLandscapeRight";
				IPHONEOS_DEPLOYMENT_TARGET = 14.0;
				LD_RUNPATH_SEARCH_PATHS = (
					"$(inherited)",
					"@executable_path/Frameworks",
				);
				MARKETING_VERSION = 1.0;
				PRODUCT_BUNDLE_IDENTIFIER = com.francis.Data;
				PRODUCT_NAME = "$(TARGET_NAME)";
				SWIFT_EMIT_LOC_STRINGS = YES;
				SWIFT_VERSION = 5.0;
				TARGETED_DEVICE_FAMILY = "1,2";
			};
			name = Debug;
		};
		A95BCB822824C493000982D0 /* Release */ = {
			isa = XCBuildConfiguration;
			buildSettings = {
				ALWAYS_EMBED_SWIFT_STANDARD_LIBRARIES = YES;
				ASSETCATALOG_COMPILER_APPICON_NAME = AppIcon;
				ASSETCATALOG_COMPILER_GLOBAL_ACCENT_COLOR_NAME = AccentColor;
				CODE_SIGN_STYLE = Automatic;
				CURRENT_PROJECT_VERSION = 1;
				DEVELOPMENT_TEAM = JYCHA46QC4;
				GENERATE_INFOPLIST_FILE = YES;
				INFOPLIST_FILE = Data/Info.plist;
				INFOPLIST_KEY_UIApplicationSupportsIndirectInputEvents = YES;
				INFOPLIST_KEY_UILaunchStoryboardName = LaunchScreen;
				INFOPLIST_KEY_UIMainStoryboardFile = Main;
				INFOPLIST_KEY_UISupportedInterfaceOrientations_iPad = "UIInterfaceOrientationPortrait UIInterfaceOrientationPortraitUpsideDown UIInterfaceOrientationLandscapeLeft UIInterfaceOrientationLandscapeRight";
				INFOPLIST_KEY_UISupportedInterfaceOrientations_iPhone = "UIInterfaceOrientationPortrait UIInterfaceOrientationLandscapeLeft UIInterfaceOrientationLandscapeRight";
				IPHONEOS_DEPLOYMENT_TARGET = 14.0;
				LD_RUNPATH_SEARCH_PATHS = (
					"$(inherited)",
					"@executable_path/Frameworks",
				);
				MARKETING_VERSION = 1.0;
				PRODUCT_BUNDLE_IDENTIFIER = com.francis.Data;
				PRODUCT_NAME = "$(TARGET_NAME)";
				SWIFT_EMIT_LOC_STRINGS = YES;
				SWIFT_VERSION = 5.0;
				TARGETED_DEVICE_FAMILY = "1,2";
			};
			name = Release;
		};
		A95BCB9A282507D8000982D0 /* Debug */ = {
			isa = XCBuildConfiguration;
			buildSettings = {
				CLANG_ENABLE_MODULES = YES;
				CODE_SIGN_STYLE = Automatic;
				CURRENT_PROJECT_VERSION = 1;
				DEFINES_MODULE = YES;
				DEVELOPMENT_TEAM = JYCHA46QC4;
				DYLIB_COMPATIBILITY_VERSION = 1;
				DYLIB_CURRENT_VERSION = 1;
				DYLIB_INSTALL_NAME_BASE = "@rpath";
				GENERATE_INFOPLIST_FILE = YES;
				INFOPLIST_KEY_NSHumanReadableCopyright = "";
				INSTALL_PATH = "$(LOCAL_LIBRARY_DIR)/Frameworks";
				IPHONEOS_DEPLOYMENT_TARGET = 14.0;
				LD_RUNPATH_SEARCH_PATHS = (
					"$(inherited)",
					"@executable_path/Frameworks",
					"@loader_path/Frameworks",
				);
				MARKETING_VERSION = 1.0;
				PRODUCT_BUNDLE_IDENTIFIER = com.francis.TextDetect;
				PRODUCT_NAME = "$(TARGET_NAME:c99extidentifier)";
				SKIP_INSTALL = YES;
				SWIFT_EMIT_LOC_STRINGS = YES;
				SWIFT_OPTIMIZATION_LEVEL = "-Onone";
				SWIFT_VERSION = 5.0;
				TARGETED_DEVICE_FAMILY = "1,2";
			};
			name = Debug;
		};
		A95BCB9B282507D8000982D0 /* Release */ = {
			isa = XCBuildConfiguration;
			buildSettings = {
				CLANG_ENABLE_MODULES = YES;
				CODE_SIGN_STYLE = Automatic;
				CURRENT_PROJECT_VERSION = 1;
				DEFINES_MODULE = YES;
				DEVELOPMENT_TEAM = JYCHA46QC4;
				DYLIB_COMPATIBILITY_VERSION = 1;
				DYLIB_CURRENT_VERSION = 1;
				DYLIB_INSTALL_NAME_BASE = "@rpath";
				GENERATE_INFOPLIST_FILE = YES;
				INFOPLIST_KEY_NSHumanReadableCopyright = "";
				INSTALL_PATH = "$(LOCAL_LIBRARY_DIR)/Frameworks";
				IPHONEOS_DEPLOYMENT_TARGET = 14.0;
				LD_RUNPATH_SEARCH_PATHS = (
					"$(inherited)",
					"@executable_path/Frameworks",
					"@loader_path/Frameworks",
				);
				MARKETING_VERSION = 1.0;
				PRODUCT_BUNDLE_IDENTIFIER = com.francis.TextDetect;
				PRODUCT_NAME = "$(TARGET_NAME:c99extidentifier)";
				SKIP_INSTALL = YES;
				SWIFT_EMIT_LOC_STRINGS = YES;
				SWIFT_VERSION = 5.0;
				TARGETED_DEVICE_FAMILY = "1,2";
			};
			name = Release;
		};
		A9FB797B281A68B0008CCF39 /* Debug */ = {
			isa = XCBuildConfiguration;
			buildSettings = {
				ALWAYS_SEARCH_USER_PATHS = NO;
				CLANG_ANALYZER_NONNULL = YES;
				CLANG_ANALYZER_NUMBER_OBJECT_CONVERSION = YES_AGGRESSIVE;
				CLANG_CXX_LANGUAGE_STANDARD = "gnu++17";
				CLANG_ENABLE_MODULES = YES;
				CLANG_ENABLE_OBJC_ARC = YES;
				CLANG_ENABLE_OBJC_WEAK = YES;
				CLANG_WARN_BLOCK_CAPTURE_AUTORELEASING = YES;
				CLANG_WARN_BOOL_CONVERSION = YES;
				CLANG_WARN_COMMA = YES;
				CLANG_WARN_CONSTANT_CONVERSION = YES;
				CLANG_WARN_DEPRECATED_OBJC_IMPLEMENTATIONS = YES;
				CLANG_WARN_DIRECT_OBJC_ISA_USAGE = YES_ERROR;
				CLANG_WARN_DOCUMENTATION_COMMENTS = YES;
				CLANG_WARN_EMPTY_BODY = YES;
				CLANG_WARN_ENUM_CONVERSION = YES;
				CLANG_WARN_INFINITE_RECURSION = YES;
				CLANG_WARN_INT_CONVERSION = YES;
				CLANG_WARN_NON_LITERAL_NULL_CONVERSION = YES;
				CLANG_WARN_OBJC_IMPLICIT_RETAIN_SELF = YES;
				CLANG_WARN_OBJC_LITERAL_CONVERSION = YES;
				CLANG_WARN_OBJC_ROOT_CLASS = YES_ERROR;
				CLANG_WARN_QUOTED_INCLUDE_IN_FRAMEWORK_HEADER = YES;
				CLANG_WARN_RANGE_LOOP_ANALYSIS = YES;
				CLANG_WARN_STRICT_PROTOTYPES = YES;
				CLANG_WARN_SUSPICIOUS_MOVE = YES;
				CLANG_WARN_UNGUARDED_AVAILABILITY = YES_AGGRESSIVE;
				CLANG_WARN_UNREACHABLE_CODE = YES;
				CLANG_WARN__DUPLICATE_METHOD_MATCH = YES;
				COPY_PHASE_STRIP = NO;
				CURRENT_PROJECT_VERSION = 1;
				DEBUG_INFORMATION_FORMAT = dwarf;
				ENABLE_STRICT_OBJC_MSGSEND = YES;
				ENABLE_TESTABILITY = YES;
				GCC_C_LANGUAGE_STANDARD = gnu11;
				GCC_DYNAMIC_NO_PIC = NO;
				GCC_NO_COMMON_BLOCKS = YES;
				GCC_OPTIMIZATION_LEVEL = 0;
				GCC_PREPROCESSOR_DEFINITIONS = (
					"DEBUG=1",
					"$(inherited)",
				);
				GCC_WARN_64_TO_32_BIT_CONVERSION = YES;
				GCC_WARN_ABOUT_RETURN_TYPE = YES_ERROR;
				GCC_WARN_UNDECLARED_SELECTOR = YES;
				GCC_WARN_UNINITIALIZED_AUTOS = YES_AGGRESSIVE;
				GCC_WARN_UNUSED_FUNCTION = YES;
				GCC_WARN_UNUSED_VARIABLE = YES;
				IPHONEOS_DEPLOYMENT_TARGET = 14.0;
				MTL_ENABLE_DEBUG_INFO = INCLUDE_SOURCE;
				MTL_FAST_MATH = YES;
				ONLY_ACTIVE_ARCH = YES;
				SDKROOT = iphoneos;
				SWIFT_ACTIVE_COMPILATION_CONDITIONS = DEBUG;
				SWIFT_OPTIMIZATION_LEVEL = "-Onone";
				VERSIONING_SYSTEM = "apple-generic";
				VERSION_INFO_PREFIX = "";
			};
			name = Debug;
		};
		A9FB797C281A68B0008CCF39 /* Release */ = {
			isa = XCBuildConfiguration;
			buildSettings = {
				ALWAYS_SEARCH_USER_PATHS = NO;
				CLANG_ANALYZER_NONNULL = YES;
				CLANG_ANALYZER_NUMBER_OBJECT_CONVERSION = YES_AGGRESSIVE;
				CLANG_CXX_LANGUAGE_STANDARD = "gnu++17";
				CLANG_ENABLE_MODULES = YES;
				CLANG_ENABLE_OBJC_ARC = YES;
				CLANG_ENABLE_OBJC_WEAK = YES;
				CLANG_WARN_BLOCK_CAPTURE_AUTORELEASING = YES;
				CLANG_WARN_BOOL_CONVERSION = YES;
				CLANG_WARN_COMMA = YES;
				CLANG_WARN_CONSTANT_CONVERSION = YES;
				CLANG_WARN_DEPRECATED_OBJC_IMPLEMENTATIONS = YES;
				CLANG_WARN_DIRECT_OBJC_ISA_USAGE = YES_ERROR;
				CLANG_WARN_DOCUMENTATION_COMMENTS = YES;
				CLANG_WARN_EMPTY_BODY = YES;
				CLANG_WARN_ENUM_CONVERSION = YES;
				CLANG_WARN_INFINITE_RECURSION = YES;
				CLANG_WARN_INT_CONVERSION = YES;
				CLANG_WARN_NON_LITERAL_NULL_CONVERSION = YES;
				CLANG_WARN_OBJC_IMPLICIT_RETAIN_SELF = YES;
				CLANG_WARN_OBJC_LITERAL_CONVERSION = YES;
				CLANG_WARN_OBJC_ROOT_CLASS = YES_ERROR;
				CLANG_WARN_QUOTED_INCLUDE_IN_FRAMEWORK_HEADER = YES;
				CLANG_WARN_RANGE_LOOP_ANALYSIS = YES;
				CLANG_WARN_STRICT_PROTOTYPES = YES;
				CLANG_WARN_SUSPICIOUS_MOVE = YES;
				CLANG_WARN_UNGUARDED_AVAILABILITY = YES_AGGRESSIVE;
				CLANG_WARN_UNREACHABLE_CODE = YES;
				CLANG_WARN__DUPLICATE_METHOD_MATCH = YES;
				COPY_PHASE_STRIP = NO;
				CURRENT_PROJECT_VERSION = 1;
				DEBUG_INFORMATION_FORMAT = "dwarf-with-dsym";
				ENABLE_NS_ASSERTIONS = NO;
				ENABLE_STRICT_OBJC_MSGSEND = YES;
				GCC_C_LANGUAGE_STANDARD = gnu11;
				GCC_NO_COMMON_BLOCKS = YES;
				GCC_WARN_64_TO_32_BIT_CONVERSION = YES;
				GCC_WARN_ABOUT_RETURN_TYPE = YES_ERROR;
				GCC_WARN_UNDECLARED_SELECTOR = YES;
				GCC_WARN_UNINITIALIZED_AUTOS = YES_AGGRESSIVE;
				GCC_WARN_UNUSED_FUNCTION = YES;
				GCC_WARN_UNUSED_VARIABLE = YES;
				IPHONEOS_DEPLOYMENT_TARGET = 14.0;
				MTL_ENABLE_DEBUG_INFO = NO;
				MTL_FAST_MATH = YES;
				SDKROOT = iphoneos;
				SWIFT_COMPILATION_MODE = wholemodule;
				SWIFT_OPTIMIZATION_LEVEL = "-O";
				VALIDATE_PRODUCT = YES;
				VERSIONING_SYSTEM = "apple-generic";
				VERSION_INFO_PREFIX = "";
			};
			name = Release;
		};
		A9FB797E281A68B0008CCF39 /* Debug */ = {
			isa = XCBuildConfiguration;
			buildSettings = {
				CODE_SIGN_STYLE = Automatic;
				CURRENT_PROJECT_VERSION = 1;
				DEFINES_MODULE = YES;
				DEVELOPMENT_TEAM = JYCHA46QC4;
				DYLIB_COMPATIBILITY_VERSION = 1;
				DYLIB_CURRENT_VERSION = 1;
				DYLIB_INSTALL_NAME_BASE = "@rpath";
				GENERATE_INFOPLIST_FILE = YES;
				INFOPLIST_KEY_NSHumanReadableCopyright = "";
				INSTALL_PATH = "$(LOCAL_LIBRARY_DIR)/Frameworks";
				IPHONEOS_DEPLOYMENT_TARGET = 12.0;
				"IPHONEOS_DEPLOYMENT_TARGET[sdk=macosx*]" = 13.1;
				LD_RUNPATH_SEARCH_PATHS = (
					"$(inherited)",
					"@executable_path/Frameworks",
					"@loader_path/Frameworks",
				);
				MARKETING_VERSION = 1.0;
				PRODUCT_BUNDLE_IDENTIFIER = com.francis.Ammo;
				PRODUCT_NAME = "$(TARGET_NAME:c99extidentifier)";
				SKIP_INSTALL = YES;
				SWIFT_EMIT_LOC_STRINGS = YES;
				SWIFT_VERSION = 5.0;
				TARGETED_DEVICE_FAMILY = "1,2";
			};
			name = Debug;
		};
		A9FB797F281A68B0008CCF39 /* Release */ = {
			isa = XCBuildConfiguration;
			buildSettings = {
				CODE_SIGN_STYLE = Automatic;
				CURRENT_PROJECT_VERSION = 1;
				DEFINES_MODULE = YES;
				DEVELOPMENT_TEAM = JYCHA46QC4;
				DYLIB_COMPATIBILITY_VERSION = 1;
				DYLIB_CURRENT_VERSION = 1;
				DYLIB_INSTALL_NAME_BASE = "@rpath";
				GENERATE_INFOPLIST_FILE = YES;
				INFOPLIST_KEY_NSHumanReadableCopyright = "";
				INSTALL_PATH = "$(LOCAL_LIBRARY_DIR)/Frameworks";
				IPHONEOS_DEPLOYMENT_TARGET = 12.0;
				"IPHONEOS_DEPLOYMENT_TARGET[sdk=macosx*]" = 13.1;
				LD_RUNPATH_SEARCH_PATHS = (
					"$(inherited)",
					"@executable_path/Frameworks",
					"@loader_path/Frameworks",
				);
				MARKETING_VERSION = 1.0;
				PRODUCT_BUNDLE_IDENTIFIER = com.francis.Ammo;
				PRODUCT_NAME = "$(TARGET_NAME:c99extidentifier)";
				SKIP_INSTALL = YES;
				SWIFT_EMIT_LOC_STRINGS = YES;
				SWIFT_VERSION = 5.0;
				TARGETED_DEVICE_FAMILY = "1,2";
			};
			name = Release;
		};
		A9FB79A9281A69CA008CCF39 /* Debug */ = {
			isa = XCBuildConfiguration;
			buildSettings = {
				CODE_SIGN_STYLE = Automatic;
				CURRENT_PROJECT_VERSION = 1;
				DEVELOPMENT_TEAM = JYCHA46QC4;
				GENERATE_INFOPLIST_FILE = YES;
				MARKETING_VERSION = 1.0;
				PRODUCT_BUNDLE_IDENTIFIER = com.francis.AmmoTests;
				PRODUCT_NAME = "$(TARGET_NAME)";
				SWIFT_EMIT_LOC_STRINGS = NO;
				SWIFT_VERSION = 5.0;
				TARGETED_DEVICE_FAMILY = "1,2";
				TEST_HOST = "$(BUILT_PRODUCTS_DIR)/Data.app/Data";
			};
			name = Debug;
		};
		A9FB79AA281A69CA008CCF39 /* Release */ = {
			isa = XCBuildConfiguration;
			buildSettings = {
				CODE_SIGN_STYLE = Automatic;
				CURRENT_PROJECT_VERSION = 1;
				DEVELOPMENT_TEAM = JYCHA46QC4;
				GENERATE_INFOPLIST_FILE = YES;
				MARKETING_VERSION = 1.0;
				PRODUCT_BUNDLE_IDENTIFIER = com.francis.AmmoTests;
				PRODUCT_NAME = "$(TARGET_NAME)";
				SWIFT_EMIT_LOC_STRINGS = NO;
				SWIFT_VERSION = 5.0;
				TARGETED_DEVICE_FAMILY = "1,2";
				TEST_HOST = "$(BUILT_PRODUCTS_DIR)/Data.app/Data";
			};
			name = Release;
		};
/* End XCBuildConfiguration section */

/* Begin XCConfigurationList section */
		A95BCB832824C493000982D0 /* Build configuration list for PBXNativeTarget "Data" */ = {
			isa = XCConfigurationList;
			buildConfigurations = (
				A95BCB812824C493000982D0 /* Debug */,
				A95BCB822824C493000982D0 /* Release */,
			);
			defaultConfigurationIsVisible = 0;
			defaultConfigurationName = Release;
		};
		A95BCB99282507D8000982D0 /* Build configuration list for PBXNativeTarget "TextDetect" */ = {
			isa = XCConfigurationList;
			buildConfigurations = (
				A95BCB9A282507D8000982D0 /* Debug */,
				A95BCB9B282507D8000982D0 /* Release */,
			);
			defaultConfigurationIsVisible = 0;
			defaultConfigurationName = Release;
		};
		A9FB7970281A68B0008CCF39 /* Build configuration list for PBXProject "Ammo" */ = {
			isa = XCConfigurationList;
			buildConfigurations = (
				A9FB797B281A68B0008CCF39 /* Debug */,
				A9FB797C281A68B0008CCF39 /* Release */,
			);
			defaultConfigurationIsVisible = 0;
			defaultConfigurationName = Release;
		};
		A9FB797D281A68B0008CCF39 /* Build configuration list for PBXNativeTarget "Ammo" */ = {
			isa = XCConfigurationList;
			buildConfigurations = (
				A9FB797E281A68B0008CCF39 /* Debug */,
				A9FB797F281A68B0008CCF39 /* Release */,
			);
			defaultConfigurationIsVisible = 0;
			defaultConfigurationName = Release;
		};
		A9FB79A8281A69CA008CCF39 /* Build configuration list for PBXNativeTarget "AmmoTests" */ = {
			isa = XCConfigurationList;
			buildConfigurations = (
				A9FB79A9281A69CA008CCF39 /* Debug */,
				A9FB79AA281A69CA008CCF39 /* Release */,
			);
			defaultConfigurationIsVisible = 0;
			defaultConfigurationName = Release;
		};
/* End XCConfigurationList section */
	};
	rootObject = A9FB796D281A68B0008CCF39 /* Project object */;
}
